// !$*UTF8*$!
{
	archiveVersion = 1;
	classes = {
	};
	objectVersion = 55;
	objects = {

/* Begin PBXBuildFile section */
		BE309C77287E76DD000AF7B6 /* CheckoutView.swift in Sources */ = {isa = PBXBuildFile; fileRef = BE309C76287E76DD000AF7B6 /* CheckoutView.swift */; };
		BE309C78287E76DD000AF7B6 /* CheckoutView.swift in Sources */ = {isa = PBXBuildFile; fileRef = BE309C76287E76DD000AF7B6 /* CheckoutView.swift */; };
		BE38F9AA287DA19400788940 /* Order.swift in Sources */ = {isa = PBXBuildFile; fileRef = BE38F9A9287DA19400788940 /* Order.swift */; };
		BE38F9AB287DA19400788940 /* Order.swift in Sources */ = {isa = PBXBuildFile; fileRef = BE38F9A9287DA19400788940 /* Order.swift */; };
		BE38F9AD287DA58200788940 /* AddressView.swift in Sources */ = {isa = PBXBuildFile; fileRef = BE38F9AC287DA58200788940 /* AddressView.swift */; };
		BE38F9AE287DA58200788940 /* AddressView.swift in Sources */ = {isa = PBXBuildFile; fileRef = BE38F9AC287DA58200788940 /* AddressView.swift */; };
		BEDD0692287903E300CB30E3 /* Tests_iOS.swift in Sources */ = {isa = PBXBuildFile; fileRef = BEDD0691287903E300CB30E3 /* Tests_iOS.swift */; };
		BEDD0694287903E300CB30E3 /* Tests_iOSLaunchTests.swift in Sources */ = {isa = PBXBuildFile; fileRef = BEDD0693287903E300CB30E3 /* Tests_iOSLaunchTests.swift */; };
		BEDD069E287903E300CB30E3 /* Tests_macOS.swift in Sources */ = {isa = PBXBuildFile; fileRef = BEDD069D287903E300CB30E3 /* Tests_macOS.swift */; };
		BEDD06A0287903E300CB30E3 /* Tests_macOSLaunchTests.swift in Sources */ = {isa = PBXBuildFile; fileRef = BEDD069F287903E300CB30E3 /* Tests_macOSLaunchTests.swift */; };
		BEDD06A1287903E300CB30E3 /* CupcakeCornerApp.swift in Sources */ = {isa = PBXBuildFile; fileRef = BEDD0679287903E200CB30E3 /* CupcakeCornerApp.swift */; };
		BEDD06A2287903E300CB30E3 /* CupcakeCornerApp.swift in Sources */ = {isa = PBXBuildFile; fileRef = BEDD0679287903E200CB30E3 /* CupcakeCornerApp.swift */; };
		BEDD06A3287903E300CB30E3 /* ContentView.swift in Sources */ = {isa = PBXBuildFile; fileRef = BEDD067A287903E200CB30E3 /* ContentView.swift */; };
		BEDD06A4287903E300CB30E3 /* ContentView.swift in Sources */ = {isa = PBXBuildFile; fileRef = BEDD067A287903E200CB30E3 /* ContentView.swift */; };
		BEDD06A5287903E300CB30E3 /* Assets.xcassets in Resources */ = {isa = PBXBuildFile; fileRef = BEDD067B287903E300CB30E3 /* Assets.xcassets */; };
		BEDD06A6287903E300CB30E3 /* Assets.xcassets in Resources */ = {isa = PBXBuildFile; fileRef = BEDD067B287903E300CB30E3 /* Assets.xcassets */; };
/* End PBXBuildFile section */

/* Begin PBXContainerItemProxy section */
		BEDD068E287903E300CB30E3 /* PBXContainerItemProxy */ = {
			isa = PBXContainerItemProxy;
			containerPortal = BEDD0674287903E200CB30E3 /* Project object */;
			proxyType = 1;
			remoteGlobalIDString = BEDD067F287903E300CB30E3;
			remoteInfo = "CupcakeCorner (iOS)";
		};
		BEDD069A287903E300CB30E3 /* PBXContainerItemProxy */ = {
			isa = PBXContainerItemProxy;
			containerPortal = BEDD0674287903E200CB30E3 /* Project object */;
			proxyType = 1;
			remoteGlobalIDString = BEDD0685287903E300CB30E3;
			remoteInfo = "CupcakeCorner (macOS)";
		};
/* End PBXContainerItemProxy section */

/* Begin PBXFileReference section */
		BE309C76287E76DD000AF7B6 /* CheckoutView.swift */ = {isa = PBXFileReference; lastKnownFileType = sourcecode.swift; path = CheckoutView.swift; sourceTree = "<group>"; };
		BE38F9A9287DA19400788940 /* Order.swift */ = {isa = PBXFileReference; lastKnownFileType = sourcecode.swift; path = Order.swift; sourceTree = SOURCE_ROOT; };
		BE38F9AC287DA58200788940 /* AddressView.swift */ = {isa = PBXFileReference; lastKnownFileType = sourcecode.swift; path = AddressView.swift; sourceTree = "<group>"; };
		BEDD0679287903E200CB30E3 /* CupcakeCornerApp.swift */ = {isa = PBXFileReference; lastKnownFileType = sourcecode.swift; path = CupcakeCornerApp.swift; sourceTree = "<group>"; };
		BEDD067A287903E200CB30E3 /* ContentView.swift */ = {isa = PBXFileReference; lastKnownFileType = sourcecode.swift; path = ContentView.swift; sourceTree = "<group>"; };
		BEDD067B287903E300CB30E3 /* Assets.xcassets */ = {isa = PBXFileReference; lastKnownFileType = folder.assetcatalog; path = Assets.xcassets; sourceTree = "<group>"; };
		BEDD0680287903E300CB30E3 /* CupcakeCorner.app */ = {isa = PBXFileReference; explicitFileType = wrapper.application; includeInIndex = 0; path = CupcakeCorner.app; sourceTree = BUILT_PRODUCTS_DIR; };
		BEDD0686287903E300CB30E3 /* CupcakeCorner.app */ = {isa = PBXFileReference; explicitFileType = wrapper.application; includeInIndex = 0; path = CupcakeCorner.app; sourceTree = BUILT_PRODUCTS_DIR; };
		BEDD0688287903E300CB30E3 /* macOS.entitlements */ = {isa = PBXFileReference; lastKnownFileType = text.plist.entitlements; path = macOS.entitlements; sourceTree = "<group>"; };
		BEDD068D287903E300CB30E3 /* Tests iOS.xctest */ = {isa = PBXFileReference; explicitFileType = wrapper.cfbundle; includeInIndex = 0; path = "Tests iOS.xctest"; sourceTree = BUILT_PRODUCTS_DIR; };
		BEDD0691287903E300CB30E3 /* Tests_iOS.swift */ = {isa = PBXFileReference; lastKnownFileType = sourcecode.swift; path = Tests_iOS.swift; sourceTree = "<group>"; };
		BEDD0693287903E300CB30E3 /* Tests_iOSLaunchTests.swift */ = {isa = PBXFileReference; lastKnownFileType = sourcecode.swift; path = Tests_iOSLaunchTests.swift; sourceTree = "<group>"; };
		BEDD0699287903E300CB30E3 /* Tests macOS.xctest */ = {isa = PBXFileReference; explicitFileType = wrapper.cfbundle; includeInIndex = 0; path = "Tests macOS.xctest"; sourceTree = BUILT_PRODUCTS_DIR; };
		BEDD069D287903E300CB30E3 /* Tests_macOS.swift */ = {isa = PBXFileReference; lastKnownFileType = sourcecode.swift; path = Tests_macOS.swift; sourceTree = "<group>"; };
		BEDD069F287903E300CB30E3 /* Tests_macOSLaunchTests.swift */ = {isa = PBXFileReference; lastKnownFileType = sourcecode.swift; path = Tests_macOSLaunchTests.swift; sourceTree = "<group>"; };
/* End PBXFileReference section */

/* Begin PBXFrameworksBuildPhase section */
		BEDD067D287903E300CB30E3 /* Frameworks */ = {
			isa = PBXFrameworksBuildPhase;
			buildActionMask = 2147483647;
			files = (
			);
			runOnlyForDeploymentPostprocessing = 0;
		};
		BEDD0683287903E300CB30E3 /* Frameworks */ = {
			isa = PBXFrameworksBuildPhase;
			buildActionMask = 2147483647;
			files = (
			);
			runOnlyForDeploymentPostprocessing = 0;
		};
		BEDD068A287903E300CB30E3 /* Frameworks */ = {
			isa = PBXFrameworksBuildPhase;
			buildActionMask = 2147483647;
			files = (
			);
			runOnlyForDeploymentPostprocessing = 0;
		};
		BEDD0696287903E300CB30E3 /* Frameworks */ = {
			isa = PBXFrameworksBuildPhase;
			buildActionMask = 2147483647;
			files = (
			);
			runOnlyForDeploymentPostprocessing = 0;
		};
/* End PBXFrameworksBuildPhase section */

/* Begin PBXGroup section */
		BEDD0673287903E200CB30E3 = {
			isa = PBXGroup;
			children = (
				BEDD0678287903E200CB30E3 /* Shared */,
				BEDD0687287903E300CB30E3 /* macOS */,
				BEDD0690287903E300CB30E3 /* Tests iOS */,
				BEDD069C287903E300CB30E3 /* Tests macOS */,
				BEDD0681287903E300CB30E3 /* Products */,
			);
			sourceTree = "<group>";
		};
		BEDD0678287903E200CB30E3 /* Shared */ = {
			isa = PBXGroup;
			children = (
				BEDD0679287903E200CB30E3 /* CupcakeCornerApp.swift */,
				BEDD067A287903E200CB30E3 /* ContentView.swift */,
				BE38F9A9287DA19400788940 /* Order.swift */,
				BE38F9AC287DA58200788940 /* AddressView.swift */,
				BE309C76287E76DD000AF7B6 /* CheckoutView.swift */,
				BEDD067B287903E300CB30E3 /* Assets.xcassets */,
			);
			path = Shared;
			sourceTree = "<group>";
		};
		BEDD0681287903E300CB30E3 /* Products */ = {
			isa = PBXGroup;
			children = (
				BEDD0680287903E300CB30E3 /* CupcakeCorner.app */,
				BEDD0686287903E300CB30E3 /* CupcakeCorner.app */,
				BEDD068D287903E300CB30E3 /* Tests iOS.xctest */,
				BEDD0699287903E300CB30E3 /* Tests macOS.xctest */,
			);
			name = Products;
			sourceTree = "<group>";
		};
		BEDD0687287903E300CB30E3 /* macOS */ = {
			isa = PBXGroup;
			children = (
				BEDD0688287903E300CB30E3 /* macOS.entitlements */,
			);
			path = macOS;
			sourceTree = "<group>";
		};
		BEDD0690287903E300CB30E3 /* Tests iOS */ = {
			isa = PBXGroup;
			children = (
				BEDD0691287903E300CB30E3 /* Tests_iOS.swift */,
				BEDD0693287903E300CB30E3 /* Tests_iOSLaunchTests.swift */,
			);
			path = "Tests iOS";
			sourceTree = "<group>";
		};
		BEDD069C287903E300CB30E3 /* Tests macOS */ = {
			isa = PBXGroup;
			children = (
				BEDD069D287903E300CB30E3 /* Tests_macOS.swift */,
				BEDD069F287903E300CB30E3 /* Tests_macOSLaunchTests.swift */,
			);
			path = "Tests macOS";
			sourceTree = "<group>";
		};
/* End PBXGroup section */

/* Begin PBXNativeTarget section */
		BEDD067F287903E300CB30E3 /* CupcakeCorner (iOS) */ = {
			isa = PBXNativeTarget;
			buildConfigurationList = BEDD06A9287903E300CB30E3 /* Build configuration list for PBXNativeTarget "CupcakeCorner (iOS)" */;
			buildPhases = (
				BEDD067C287903E300CB30E3 /* Sources */,
				BEDD067D287903E300CB30E3 /* Frameworks */,
				BEDD067E287903E300CB30E3 /* Resources */,
			);
			buildRules = (
			);
			dependencies = (
			);
			name = "CupcakeCorner (iOS)";
			productName = "CupcakeCorner (iOS)";
			productReference = BEDD0680287903E300CB30E3 /* CupcakeCorner.app */;
			productType = "com.apple.product-type.application";
		};
		BEDD0685287903E300CB30E3 /* CupcakeCorner (macOS) */ = {
			isa = PBXNativeTarget;
			buildConfigurationList = BEDD06AC287903E300CB30E3 /* Build configuration list for PBXNativeTarget "CupcakeCorner (macOS)" */;
			buildPhases = (
				BEDD0682287903E300CB30E3 /* Sources */,
				BEDD0683287903E300CB30E3 /* Frameworks */,
				BEDD0684287903E300CB30E3 /* Resources */,
			);
			buildRules = (
			);
			dependencies = (
			);
			name = "CupcakeCorner (macOS)";
			productName = "CupcakeCorner (macOS)";
			productReference = BEDD0686287903E300CB30E3 /* CupcakeCorner.app */;
			productType = "com.apple.product-type.application";
		};
		BEDD068C287903E300CB30E3 /* Tests iOS */ = {
			isa = PBXNativeTarget;
			buildConfigurationList = BEDD06AF287903E300CB30E3 /* Build configuration list for PBXNativeTarget "Tests iOS" */;
			buildPhases = (
				BEDD0689287903E300CB30E3 /* Sources */,
				BEDD068A287903E300CB30E3 /* Frameworks */,
				BEDD068B287903E300CB30E3 /* Resources */,
			);
			buildRules = (
			);
			dependencies = (
				BEDD068F287903E300CB30E3 /* PBXTargetDependency */,
			);
			name = "Tests iOS";
			productName = "Tests iOS";
			productReference = BEDD068D287903E300CB30E3 /* Tests iOS.xctest */;
			productType = "com.apple.product-type.bundle.ui-testing";
		};
		BEDD0698287903E300CB30E3 /* Tests macOS */ = {
			isa = PBXNativeTarget;
			buildConfigurationList = BEDD06B2287903E300CB30E3 /* Build configuration list for PBXNativeTarget "Tests macOS" */;
			buildPhases = (
				BEDD0695287903E300CB30E3 /* Sources */,
				BEDD0696287903E300CB30E3 /* Frameworks */,
				BEDD0697287903E300CB30E3 /* Resources */,
			);
			buildRules = (
			);
			dependencies = (
				BEDD069B287903E300CB30E3 /* PBXTargetDependency */,
			);
			name = "Tests macOS";
			productName = "Tests macOS";
			productReference = BEDD0699287903E300CB30E3 /* Tests macOS.xctest */;
			productType = "com.apple.product-type.bundle.ui-testing";
		};
/* End PBXNativeTarget section */

/* Begin PBXProject section */
		BEDD0674287903E200CB30E3 /* Project object */ = {
			isa = PBXProject;
			attributes = {
				BuildIndependentTargetsInParallel = 1;
				LastSwiftUpdateCheck = 1340;
				LastUpgradeCheck = 1340;
				TargetAttributes = {
					BEDD067F287903E300CB30E3 = {
						CreatedOnToolsVersion = 13.4.1;
					};
					BEDD0685287903E300CB30E3 = {
						CreatedOnToolsVersion = 13.4.1;
					};
					BEDD068C287903E300CB30E3 = {
						CreatedOnToolsVersion = 13.4.1;
						TestTargetID = BEDD067F287903E300CB30E3;
					};
					BEDD0698287903E300CB30E3 = {
						CreatedOnToolsVersion = 13.4.1;
						TestTargetID = BEDD0685287903E300CB30E3;
					};
				};
			};
			buildConfigurationList = BEDD0677287903E200CB30E3 /* Build configuration list for PBXProject "CupcakeCorner" */;
			compatibilityVersion = "Xcode 13.0";
			developmentRegion = en;
			hasScannedForEncodings = 0;
			knownRegions = (
				en,
				Base,
			);
			mainGroup = BEDD0673287903E200CB30E3;
			productRefGroup = BEDD0681287903E300CB30E3 /* Products */;
			projectDirPath = "";
			projectRoot = "";
			targets = (
				BEDD067F287903E300CB30E3 /* CupcakeCorner (iOS) */,
				BEDD0685287903E300CB30E3 /* CupcakeCorner (macOS) */,
				BEDD068C287903E300CB30E3 /* Tests iOS */,
				BEDD0698287903E300CB30E3 /* Tests macOS */,
			);
		};
/* End PBXProject section */

/* Begin PBXResourcesBuildPhase section */
		BEDD067E287903E300CB30E3 /* Resources */ = {
			isa = PBXResourcesBuildPhase;
			buildActionMask = 2147483647;
			files = (
				BEDD06A5287903E300CB30E3 /* Assets.xcassets in Resources */,
			);
			runOnlyForDeploymentPostprocessing = 0;
		};
		BEDD0684287903E300CB30E3 /* Resources */ = {
			isa = PBXResourcesBuildPhase;
			buildActionMask = 2147483647;
			files = (
				BEDD06A6287903E300CB30E3 /* Assets.xcassets in Resources */,
			);
			runOnlyForDeploymentPostprocessing = 0;
		};
		BEDD068B287903E300CB30E3 /* Resources */ = {
			isa = PBXResourcesBuildPhase;
			buildActionMask = 2147483647;
			files = (
			);
			runOnlyForDeploymentPostprocessing = 0;
		};
		BEDD0697287903E300CB30E3 /* Resources */ = {
			isa = PBXResourcesBuildPhase;
			buildActionMask = 2147483647;
			files = (
			);
			runOnlyForDeploymentPostprocessing = 0;
		};
/* End PBXResourcesBuildPhase section */

/* Begin PBXSourcesBuildPhase section */
		BEDD067C287903E300CB30E3 /* Sources */ = {
			isa = PBXSourcesBuildPhase;
			buildActionMask = 2147483647;
			files = (
				BE38F9AA287DA19400788940 /* Order.swift in Sources */,
				BE38F9AD287DA58200788940 /* AddressView.swift in Sources */,
				BE309C77287E76DD000AF7B6 /* CheckoutView.swift in Sources */,
				BEDD06A3287903E300CB30E3 /* ContentView.swift in Sources */,
				BEDD06A1287903E300CB30E3 /* CupcakeCornerApp.swift in Sources */,
			);
			runOnlyForDeploymentPostprocessing = 0;
		};
		BEDD0682287903E300CB30E3 /* Sources */ = {
			isa = PBXSourcesBuildPhase;
			buildActionMask = 2147483647;
			files = (
				BE38F9AB287DA19400788940 /* Order.swift in Sources */,
				BE38F9AE287DA58200788940 /* AddressView.swift in Sources */,
				BE309C78287E76DD000AF7B6 /* CheckoutView.swift in Sources */,
				BEDD06A4287903E300CB30E3 /* ContentView.swift in Sources */,
				BEDD06A2287903E300CB30E3 /* CupcakeCornerApp.swift in Sources */,
			);
			runOnlyForDeploymentPostprocessing = 0;
		};
		BEDD0689287903E300CB30E3 /* Sources */ = {
			isa = PBXSourcesBuildPhase;
			buildActionMask = 2147483647;
			files = (
				BEDD0694287903E300CB30E3 /* Tests_iOSLaunchTests.swift in Sources */,
				BEDD0692287903E300CB30E3 /* Tests_iOS.swift in Sources */,
			);
			runOnlyForDeploymentPostprocessing = 0;
		};
		BEDD0695287903E300CB30E3 /* Sources */ = {
			isa = PBXSourcesBuildPhase;
			buildActionMask = 2147483647;
			files = (
				BEDD06A0287903E300CB30E3 /* Tests_macOSLaunchTests.swift in Sources */,
				BEDD069E287903E300CB30E3 /* Tests_macOS.swift in Sources */,
			);
			runOnlyForDeploymentPostprocessing = 0;
		};
/* End PBXSourcesBuildPhase section */

/* Begin PBXTargetDependency section */
		BEDD068F287903E300CB30E3 /* PBXTargetDependency */ = {
			isa = PBXTargetDependency;
			target = BEDD067F287903E300CB30E3 /* CupcakeCorner (iOS) */;
			targetProxy = BEDD068E287903E300CB30E3 /* PBXContainerItemProxy */;
		};
		BEDD069B287903E300CB30E3 /* PBXTargetDependency */ = {
			isa = PBXTargetDependency;
			target = BEDD0685287903E300CB30E3 /* CupcakeCorner (macOS) */;
			targetProxy = BEDD069A287903E300CB30E3 /* PBXContainerItemProxy */;
		};
/* End PBXTargetDependency section */

/* Begin XCBuildConfiguration section */
		BEDD06A7287903E300CB30E3 /* Debug */ = {
			isa = XCBuildConfiguration;
			buildSettings = {
				ALWAYS_SEARCH_USER_PATHS = NO;
				CLANG_ANALYZER_NONNULL = YES;
				CLANG_ANALYZER_NUMBER_OBJECT_CONVERSION = YES_AGGRESSIVE;
				CLANG_CXX_LANGUAGE_STANDARD = "gnu++17";
				CLANG_ENABLE_MODULES = YES;
				CLANG_ENABLE_OBJC_ARC = YES;
				CLANG_ENABLE_OBJC_WEAK = YES;
				CLANG_WARN_BLOCK_CAPTURE_AUTORELEASING = YES;
				CLANG_WARN_BOOL_CONVERSION = YES;
				CLANG_WARN_COMMA = YES;
				CLANG_WARN_CONSTANT_CONVERSION = YES;
				CLANG_WARN_DEPRECATED_OBJC_IMPLEMENTATIONS = YES;
				CLANG_WARN_DIRECT_OBJC_ISA_USAGE = YES_ERROR;
				CLANG_WARN_DOCUMENTATION_COMMENTS = YES;
				CLANG_WARN_EMPTY_BODY = YES;
				CLANG_WARN_ENUM_CONVERSION = YES;
				CLANG_WARN_INFINITE_RECURSION = YES;
				CLANG_WARN_INT_CONVERSION = YES;
				CLANG_WARN_NON_LITERAL_NULL_CONVERSION = YES;
				CLANG_WARN_OBJC_IMPLICIT_RETAIN_SELF = YES;
				CLANG_WARN_OBJC_LITERAL_CONVERSION = YES;
				CLANG_WARN_OBJC_ROOT_CLASS = YES_ERROR;
				CLANG_WARN_QUOTED_INCLUDE_IN_FRAMEWORK_HEADER = YES;
				CLANG_WARN_RANGE_LOOP_ANALYSIS = YES;
				CLANG_WARN_STRICT_PROTOTYPES = YES;
				CLANG_WARN_SUSPICIOUS_MOVE = YES;
				CLANG_WARN_UNGUARDED_AVAILABILITY = YES_AGGRESSIVE;
				CLANG_WARN_UNREACHABLE_CODE = YES;
				CLANG_WARN__DUPLICATE_METHOD_MATCH = YES;
				COPY_PHASE_STRIP = NO;
				DEBUG_INFORMATION_FORMAT = dwarf;
				ENABLE_STRICT_OBJC_MSGSEND = YES;
				ENABLE_TESTABILITY = YES;
				GCC_C_LANGUAGE_STANDARD = gnu11;
				GCC_DYNAMIC_NO_PIC = NO;
				GCC_NO_COMMON_BLOCKS = YES;
				GCC_OPTIMIZATION_LEVEL = 0;
				GCC_PREPROCESSOR_DEFINITIONS = (
					"DEBUG=1",
					"$(inherited)",
				);
				GCC_WARN_64_TO_32_BIT_CONVERSION = YES;
				GCC_WARN_ABOUT_RETURN_TYPE = YES_ERROR;
				GCC_WARN_UNDECLARED_SELECTOR = YES;
				GCC_WARN_UNINITIALIZED_AUTOS = YES_AGGRESSIVE;
				GCC_WARN_UNUSED_FUNCTION = YES;
				GCC_WARN_UNUSED_VARIABLE = YES;
				MTL_ENABLE_DEBUG_INFO = INCLUDE_SOURCE;
				MTL_FAST_MATH = YES;
				ONLY_ACTIVE_ARCH = YES;
				SWIFT_ACTIVE_COMPILATION_CONDITIONS = DEBUG;
				SWIFT_OPTIMIZATION_LEVEL = "-Onone";
			};
			name = Debug;
		};
		BEDD06A8287903E300CB30E3 /* Release */ = {
			isa = XCBuildConfiguration;
			buildSettings = {
				ALWAYS_SEARCH_USER_PATHS = NO;
				CLANG_ANALYZER_NONNULL = YES;
				CLANG_ANALYZER_NUMBER_OBJECT_CONVERSION = YES_AGGRESSIVE;
				CLANG_CXX_LANGUAGE_STANDARD = "gnu++17";
				CLANG_ENABLE_MODULES = YES;
				CLANG_ENABLE_OBJC_ARC = YES;
				CLANG_ENABLE_OBJC_WEAK = YES;
				CLANG_WARN_BLOCK_CAPTURE_AUTORELEASING = YES;
				CLANG_WARN_BOOL_CONVERSION = YES;
				CLANG_WARN_COMMA = YES;
				CLANG_WARN_CONSTANT_CONVERSION = YES;
				CLANG_WARN_DEPRECATED_OBJC_IMPLEMENTATIONS = YES;
				CLANG_WARN_DIRECT_OBJC_ISA_USAGE = YES_ERROR;
				CLANG_WARN_DOCUMENTATION_COMMENTS = YES;
				CLANG_WARN_EMPTY_BODY = YES;
				CLANG_WARN_ENUM_CONVERSION = YES;
				CLANG_WARN_INFINITE_RECURSION = YES;
				CLANG_WARN_INT_CONVERSION = YES;
				CLANG_WARN_NON_LITERAL_NULL_CONVERSION = YES;
				CLANG_WARN_OBJC_IMPLICIT_RETAIN_SELF = YES;
				CLANG_WARN_OBJC_LITERAL_CONVERSION = YES;
				CLANG_WARN_OBJC_ROOT_CLASS = YES_ERROR;
				CLANG_WARN_QUOTED_INCLUDE_IN_FRAMEWORK_HEADER = YES;
				CLANG_WARN_RANGE_LOOP_ANALYSIS = YES;
				CLANG_WARN_STRICT_PROTOTYPES = YES;
				CLANG_WARN_SUSPICIOUS_MOVE = YES;
				CLANG_WARN_UNGUARDED_AVAILABILITY = YES_AGGRESSIVE;
				CLANG_WARN_UNREACHABLE_CODE = YES;
				CLANG_WARN__DUPLICATE_METHOD_MATCH = YES;
				COPY_PHASE_STRIP = NO;
				DEBUG_INFORMATION_FORMAT = "dwarf-with-dsym";
				ENABLE_NS_ASSERTIONS = NO;
				ENABLE_STRICT_OBJC_MSGSEND = YES;
				GCC_C_LANGUAGE_STANDARD = gnu11;
				GCC_NO_COMMON_BLOCKS = YES;
				GCC_WARN_64_TO_32_BIT_CONVERSION = YES;
				GCC_WARN_ABOUT_RETURN_TYPE = YES_ERROR;
				GCC_WARN_UNDECLARED_SELECTOR = YES;
				GCC_WARN_UNINITIALIZED_AUTOS = YES_AGGRESSIVE;
				GCC_WARN_UNUSED_FUNCTION = YES;
				GCC_WARN_UNUSED_VARIABLE = YES;
				MTL_ENABLE_DEBUG_INFO = NO;
				MTL_FAST_MATH = YES;
				SWIFT_COMPILATION_MODE = wholemodule;
				SWIFT_OPTIMIZATION_LEVEL = "-O";
			};
			name = Release;
		};
		BEDD06AA287903E300CB30E3 /* Debug */ = {
			isa = XCBuildConfiguration;
			buildSettings = {
				ASSETCATALOG_COMPILER_APPICON_NAME = AppIcon;
				ASSETCATALOG_COMPILER_GLOBAL_ACCENT_COLOR_NAME = AccentColor;
				CODE_SIGN_STYLE = Automatic;
				CURRENT_PROJECT_VERSION = 1;
				ENABLE_PREVIEWS = YES;
				GENERATE_INFOPLIST_FILE = YES;
				INFOPLIST_KEY_UIApplicationSceneManifest_Generation = YES;
				INFOPLIST_KEY_UIApplicationSupportsIndirectInputEvents = YES;
				INFOPLIST_KEY_UILaunchScreen_Generation = YES;
				INFOPLIST_KEY_UISupportedInterfaceOrientations_iPad = "UIInterfaceOrientationPortrait UIInterfaceOrientationPortraitUpsideDown UIInterfaceOrientationLandscapeLeft UIInterfaceOrientationLandscapeRight";
				INFOPLIST_KEY_UISupportedInterfaceOrientations_iPhone = "UIInterfaceOrientationPortrait UIInterfaceOrientationLandscapeLeft UIInterfaceOrientationLandscapeRight";
				IPHONEOS_DEPLOYMENT_TARGET = 15.5;
				LD_RUNPATH_SEARCH_PATHS = (
					"$(inherited)",
					"@executable_path/Frameworks",
				);
				MARKETING_VERSION = 1.0;
				PRODUCT_BUNDLE_IDENTIFIER = "Alex-Bardi.CupcakeCorner";
				PRODUCT_NAME = CupcakeCorner;
				SDKROOT = iphoneos;
				SWIFT_EMIT_LOC_STRINGS = YES;
				SWIFT_VERSION = 5.0;
				TARGETED_DEVICE_FAMILY = "1,2";
			};
			name = Debug;
		};
		BEDD06AB287903E300CB30E3 /* Release */ = {
			isa = XCBuildConfiguration;
			buildSettings = {
				ASSETCATALOG_COMPILER_APPICON_NAME = AppIcon;
				ASSETCATALOG_COMPILER_GLOBAL_ACCENT_COLOR_NAME = AccentColor;
				CODE_SIGN_STYLE = Automatic;
				CURRENT_PROJECT_VERSION = 1;
				ENABLE_PREVIEWS = YES;
				GENERATE_INFOPLIST_FILE = YES;
				INFOPLIST_KEY_UIApplicationSceneManifest_Generation = YES;
				INFOPLIST_KEY_UIApplicationSupportsIndirectInputEvents = YES;
				INFOPLIST_KEY_UILaunchScreen_Generation = YES;
				INFOPLIST_KEY_UISupportedInterfaceOrientations_iPad = "UIInterfaceOrientationPortrait UIInterfaceOrientationPortraitUpsideDown UIInterfaceOrientationLandscapeLeft UIInterfaceOrientationLandscapeRight";
				INFOPLIST_KEY_UISupportedInterfaceOrientations_iPhone = "UIInterfaceOrientationPortrait UIInterfaceOrientationLandscapeLeft UIInterfaceOrientationLandscapeRight";
				IPHONEOS_DEPLOYMENT_TARGET = 15.5;
				LD_RUNPATH_SEARCH_PATHS = (
					"$(inherited)",
					"@executable_path/Frameworks",
				);
				MARKETING_VERSION = 1.0;
				PRODUCT_BUNDLE_IDENTIFIER = "Alex-Bardi.CupcakeCorner";
				PRODUCT_NAME = CupcakeCorner;
				SDKROOT = iphoneos;
				SWIFT_EMIT_LOC_STRINGS = YES;
				SWIFT_VERSION = 5.0;
				TARGETED_DEVICE_FAMILY = "1,2";
				VALIDATE_PRODUCT = YES;
			};
			name = Release;
		};
		BEDD06AD287903E300CB30E3 /* Debug */ = {
			isa = XCBuildConfiguration;
			buildSettings = {
				ASSETCATALOG_COMPILER_APPICON_NAME = AppIcon;
				ASSETCATALOG_COMPILER_GLOBAL_ACCENT_COLOR_NAME = AccentColor;
				CODE_SIGN_ENTITLEMENTS = macOS/macOS.entitlements;
				CODE_SIGN_STYLE = Automatic;
				COMBINE_HIDPI_IMAGES = YES;
				CURRENT_PROJECT_VERSION = 1;
				ENABLE_PREVIEWS = YES;
				GENERATE_INFOPLIST_FILE = YES;
				INFOPLIST_KEY_NSHumanReadableCopyright = "";
				LD_RUNPATH_SEARCH_PATHS = (
					"$(inherited)",
					"@executable_path/../Frameworks",
				);
				MACOSX_DEPLOYMENT_TARGET = 12.3;
				MARKETING_VERSION = 1.0;
				PRODUCT_BUNDLE_IDENTIFIER = "Alex-Bardi.CupcakeCorner";
				PRODUCT_NAME = CupcakeCorner;
				SDKROOT = macosx;
				SWIFT_EMIT_LOC_STRINGS = YES;
				SWIFT_VERSION = 5.0;
			};
			name = Debug;
		};
		BEDD06AE287903E300CB30E3 /* Release */ = {
			isa = XCBuildConfiguration;
			buildSettings = {
				ASSETCATALOG_COMPILER_APPICON_NAME = AppIcon;
				ASSETCATALOG_COMPILER_GLOBAL_ACCENT_COLOR_NAME = AccentColor;
				CODE_SIGN_ENTITLEMENTS = macOS/macOS.entitlements;
				CODE_SIGN_STYLE = Automatic;
				COMBINE_HIDPI_IMAGES = YES;
				CURRENT_PROJECT_VERSION = 1;
				ENABLE_PREVIEWS = YES;
				GENERATE_INFOPLIST_FILE = YES;
				INFOPLIST_KEY_NSHumanReadableCopyright = "";
				LD_RUNPATH_SEARCH_PATHS = (
					"$(inherited)",
					"@executable_path/../Frameworks",
				);
				MACOSX_DEPLOYMENT_TARGET = 12.3;
				MARKETING_VERSION = 1.0;
				PRODUCT_BUNDLE_IDENTIFIER = "Alex-Bardi.CupcakeCorner";
				PRODUCT_NAME = CupcakeCorner;
				SDKROOT = macosx;
				SWIFT_EMIT_LOC_STRINGS = YES;
				SWIFT_VERSION = 5.0;
			};
			name = Release;
		};
		BEDD06B0287903E300CB30E3 /* Debug */ = {
			isa = XCBuildConfiguration;
			buildSettings = {
				ALWAYS_EMBED_SWIFT_STANDARD_LIBRARIES = YES;
				CODE_SIGN_STYLE = Automatic;
				CURRENT_PROJECT_VERSION = 1;
				GENERATE_INFOPLIST_FILE = YES;
				IPHONEOS_DEPLOYMENT_TARGET = 15.5;
				MARKETING_VERSION = 1.0;
				PRODUCT_BUNDLE_IDENTIFIER = "Alex-Bardi.Tests-iOS";
				PRODUCT_NAME = "$(TARGET_NAME)";
				SDKROOT = iphoneos;
				SWIFT_EMIT_LOC_STRINGS = NO;
				SWIFT_VERSION = 5.0;
				TARGETED_DEVICE_FAMILY = "1,2";
				TEST_TARGET_NAME = "CupcakeCorner (iOS)";
			};
			name = Debug;
		};
		BEDD06B1287903E300CB30E3 /* Release */ = {
			isa = XCBuildConfiguration;
			buildSettings = {
				ALWAYS_EMBED_SWIFT_STANDARD_LIBRARIES = YES;
				CODE_SIGN_STYLE = Automatic;
				CURRENT_PROJECT_VERSION = 1;
				GENERATE_INFOPLIST_FILE = YES;
				IPHONEOS_DEPLOYMENT_TARGET = 15.5;
				MARKETING_VERSION = 1.0;
				PRODUCT_BUNDLE_IDENTIFIER = "Alex-Bardi.Tests-iOS";
				PRODUCT_NAME = "$(TARGET_NAME)";
				SDKROOT = iphoneos;
				SWIFT_EMIT_LOC_STRINGS = NO;
				SWIFT_VERSION = 5.0;
				TARGETED_DEVICE_FAMILY = "1,2";
				TEST_TARGET_NAME = "CupcakeCorner (iOS)";
				VALIDATE_PRODUCT = YES;
			};
			name = Release;
		};
		BEDD06B3287903E300CB30E3 /* Debug */ = {
			isa = XCBuildConfiguration;
			buildSettings = {
				ALWAYS_EMBED_SWIFT_STANDARD_LIBRARIES = YES;
				CODE_SIGN_STYLE = Automatic;
				CURRENT_PROJECT_VERSION = 1;
				GENERATE_INFOPLIST_FILE = YES;
				MACOSX_DEPLOYMENT_TARGET = 12.3;
				MARKETING_VERSION = 1.0;
				PRODUCT_BUNDLE_IDENTIFIER = "Alex-Bardi.Tests-macOS";
				PRODUCT_NAME = "$(TARGET_NAME)";
				SDKROOT = macosx;
				SWIFT_EMIT_LOC_STRINGS = NO;
				SWIFT_VERSION = 5.0;
				TEST_TARGET_NAME = "CupcakeCorner (macOS)";
			};
			name = Debug;
		};
		BEDD06B4287903E300CB30E3 /* Release */ = {
			isa = XCBuildConfiguration;
			buildSettings = {
				ALWAYS_EMBED_SWIFT_STANDARD_LIBRARIES = YES;
				CODE_SIGN_STYLE = Automatic;
				CURRENT_PROJECT_VERSION = 1;
				GENERATE_INFOPLIST_FILE = YES;
				MACOSX_DEPLOYMENT_TARGET = 12.3;
				MARKETING_VERSION = 1.0;
				PRODUCT_BUNDLE_IDENTIFIER = "Alex-Bardi.Tests-macOS";
				PRODUCT_NAME = "$(TARGET_NAME)";
				SDKROOT = macosx;
				SWIFT_EMIT_LOC_STRINGS = NO;
				SWIFT_VERSION = 5.0;
				TEST_TARGET_NAME = "CupcakeCorner (macOS)";
			};
			name = Release;
		};
/* End XCBuildConfiguration section */

/* Begin XCConfigurationList section */
		BEDD0677287903E200CB30E3 /* Build configuration list for PBXProject "CupcakeCorner" */ = {
			isa = XCConfigurationList;
			buildConfigurations = (
				BEDD06A7287903E300CB30E3 /* Debug */,
				BEDD06A8287903E300CB30E3 /* Release */,
			);
			defaultConfigurationIsVisible = 0;
			defaultConfigurationName = Release;
		};
		BEDD06A9287903E300CB30E3 /* Build configuration list for PBXNativeTarget "CupcakeCorner (iOS)" */ = {
			isa = XCConfigurationList;
			buildConfigurations = (
				BEDD06AA287903E300CB30E3 /* Debug */,
				BEDD06AB287903E300CB30E3 /* Release */,
			);
			defaultConfigurationIsVisible = 0;
			defaultConfigurationName = Release;
		};
		BEDD06AC287903E300CB30E3 /* Build configuration list for PBXNativeTarget "CupcakeCorner (macOS)" */ = {
			isa = XCConfigurationList;
			buildConfigurations = (
				BEDD06AD287903E300CB30E3 /* Debug */,
				BEDD06AE287903E300CB30E3 /* Release */,
			);
			defaultConfigurationIsVisible = 0;
			defaultConfigurationName = Release;
		};
		BEDD06AF287903E300CB30E3 /* Build configuration list for PBXNativeTarget "Tests iOS" */ = {
			isa = XCConfigurationList;
			buildConfigurations = (
				BEDD06B0287903E300CB30E3 /* Debug */,
				BEDD06B1287903E300CB30E3 /* Release */,
			);
			defaultConfigurationIsVisible = 0;
			defaultConfigurationName = Release;
		};
		BEDD06B2287903E300CB30E3 /* Build configuration list for PBXNativeTarget "Tests macOS" */ = {
			isa = XCConfigurationList;
			buildConfigurations = (
				BEDD06B3287903E300CB30E3 /* Debug */,
				BEDD06B4287903E300CB30E3 /* Release */,
			);
			defaultConfigurationIsVisible = 0;
			defaultConfigurationName = Release;
		};
/* End XCConfigurationList section */
	};
	rootObject = BEDD0674287903E200CB30E3 /* Project object */;
}
