// !$*UTF8*$!
{
	archiveVersion = 1;
	classes = {
	};
	objectVersion = 56;
	objects = {

/* Begin PBXBuildFile section */
		BEA7D904290B8722009F3666 /* UserView.swift in Sources */ = {isa = PBXBuildFile; fileRef = BEA7D903290B8722009F3666 /* UserView.swift */; };
		BEA7D907290B922B009F3666 /* Model.xcdatamodeld in Sources */ = {isa = PBXBuildFile; fileRef = BEA7D905290B922B009F3666 /* Model.xcdatamodeld */; };
		BEA7D90C290B97C9009F3666 /* CachedUser+CoreDataClass.swift in Sources */ = {isa = PBXBuildFile; fileRef = BEA7D908290B97C9009F3666 /* CachedUser+CoreDataClass.swift */; };
		BEA7D90D290B97C9009F3666 /* CachedUser+CoreDataProperties.swift in Sources */ = {isa = PBXBuildFile; fileRef = BEA7D909290B97C9009F3666 /* CachedUser+CoreDataProperties.swift */; };
		BEA7D90E290B97C9009F3666 /* CachedFriend+CoreDataClass.swift in Sources */ = {isa = PBXBuildFile; fileRef = BEA7D90A290B97C9009F3666 /* CachedFriend+CoreDataClass.swift */; };
		BEA7D90F290B97C9009F3666 /* CachedFriend+CoreDataProperties.swift in Sources */ = {isa = PBXBuildFile; fileRef = BEA7D90B290B97C9009F3666 /* CachedFriend+CoreDataProperties.swift */; };
		BEC48BF1290A38A900C1A521 /* Day60ChallengeApp.swift in Sources */ = {isa = PBXBuildFile; fileRef = BEC48BF0290A38A900C1A521 /* Day60ChallengeApp.swift */; };
		BEC48BF3290A38A900C1A521 /* ContentView.swift in Sources */ = {isa = PBXBuildFile; fileRef = BEC48BF2290A38A900C1A521 /* ContentView.swift */; };
		BEC48BF5290A38AA00C1A521 /* Assets.xcassets in Resources */ = {isa = PBXBuildFile; fileRef = BEC48BF4290A38AA00C1A521 /* Assets.xcassets */; };
		BEC48BF9290A38AA00C1A521 /* Preview Assets.xcassets in Resources */ = {isa = PBXBuildFile; fileRef = BEC48BF8290A38AA00C1A521 /* Preview Assets.xcassets */; };
		BEC48C03290A38AA00C1A521 /* Day60ChallengeTests.swift in Sources */ = {isa = PBXBuildFile; fileRef = BEC48C02290A38AA00C1A521 /* Day60ChallengeTests.swift */; };
		BEC48C0D290A38AA00C1A521 /* Day60ChallengeUITests.swift in Sources */ = {isa = PBXBuildFile; fileRef = BEC48C0C290A38AA00C1A521 /* Day60ChallengeUITests.swift */; };
		BEC48C0F290A38AA00C1A521 /* Day60ChallengeUITestsLaunchTests.swift in Sources */ = {isa = PBXBuildFile; fileRef = BEC48C0E290A38AA00C1A521 /* Day60ChallengeUITestsLaunchTests.swift */; };
		BEC48C1C290A38D600C1A521 /* User.swift in Sources */ = {isa = PBXBuildFile; fileRef = BEC48C1B290A38D600C1A521 /* User.swift */; };
		BEC48C1F290A3B3000C1A521 /* Friend.swift in Sources */ = {isa = PBXBuildFile; fileRef = BEC48C1E290A3B3000C1A521 /* Friend.swift */; };
/* End PBXBuildFile section */

/* Begin PBXContainerItemProxy section */
		BEC48BFF290A38AA00C1A521 /* PBXContainerItemProxy */ = {
			isa = PBXContainerItemProxy;
			containerPortal = BEC48BE5290A38A900C1A521 /* Project object */;
			proxyType = 1;
			remoteGlobalIDString = BEC48BEC290A38A900C1A521;
			remoteInfo = Day60Challenge;
		};
		BEC48C09290A38AA00C1A521 /* PBXContainerItemProxy */ = {
			isa = PBXContainerItemProxy;
			containerPortal = BEC48BE5290A38A900C1A521 /* Project object */;
			proxyType = 1;
			remoteGlobalIDString = BEC48BEC290A38A900C1A521;
			remoteInfo = Day60Challenge;
		};
/* End PBXContainerItemProxy section */

/* Begin PBXFileReference section */
		BEA7D903290B8722009F3666 /* UserView.swift */ = {isa = PBXFileReference; lastKnownFileType = sourcecode.swift; path = UserView.swift; sourceTree = "<group>"; };
		BEA7D906290B922B009F3666 /* Model.xcdatamodel */ = {isa = PBXFileReference; lastKnownFileType = wrapper.xcdatamodel; path = Model.xcdatamodel; sourceTree = "<group>"; };
		BEA7D908290B97C9009F3666 /* CachedUser+CoreDataClass.swift */ = {isa = PBXFileReference; lastKnownFileType = sourcecode.swift; path = "CachedUser+CoreDataClass.swift"; sourceTree = "<group>"; };
		BEA7D909290B97C9009F3666 /* CachedUser+CoreDataProperties.swift */ = {isa = PBXFileReference; lastKnownFileType = sourcecode.swift; path = "CachedUser+CoreDataProperties.swift"; sourceTree = "<group>"; };
		BEA7D90A290B97C9009F3666 /* CachedFriend+CoreDataClass.swift */ = {isa = PBXFileReference; lastKnownFileType = sourcecode.swift; path = "CachedFriend+CoreDataClass.swift"; sourceTree = "<group>"; };
		BEA7D90B290B97C9009F3666 /* CachedFriend+CoreDataProperties.swift */ = {isa = PBXFileReference; lastKnownFileType = sourcecode.swift; path = "CachedFriend+CoreDataProperties.swift"; sourceTree = "<group>"; };
		BEC48BED290A38A900C1A521 /* Day60Challenge.app */ = {isa = PBXFileReference; explicitFileType = wrapper.application; includeInIndex = 0; path = Day60Challenge.app; sourceTree = BUILT_PRODUCTS_DIR; };
		BEC48BF0290A38A900C1A521 /* Day60ChallengeApp.swift */ = {isa = PBXFileReference; lastKnownFileType = sourcecode.swift; path = Day60ChallengeApp.swift; sourceTree = "<group>"; };
		BEC48BF2290A38A900C1A521 /* ContentView.swift */ = {isa = PBXFileReference; lastKnownFileType = sourcecode.swift; path = ContentView.swift; sourceTree = "<group>"; };
		BEC48BF4290A38AA00C1A521 /* Assets.xcassets */ = {isa = PBXFileReference; lastKnownFileType = folder.assetcatalog; path = Assets.xcassets; sourceTree = "<group>"; };
		BEC48BF6290A38AA00C1A521 /* Day60Challenge.entitlements */ = {isa = PBXFileReference; lastKnownFileType = text.plist.entitlements; path = Day60Challenge.entitlements; sourceTree = "<group>"; };
		BEC48BF8290A38AA00C1A521 /* Preview Assets.xcassets */ = {isa = PBXFileReference; lastKnownFileType = folder.assetcatalog; path = "Preview Assets.xcassets"; sourceTree = "<group>"; };
		BEC48BFE290A38AA00C1A521 /* Day60ChallengeTests.xctest */ = {isa = PBXFileReference; explicitFileType = wrapper.cfbundle; includeInIndex = 0; path = Day60ChallengeTests.xctest; sourceTree = BUILT_PRODUCTS_DIR; };
		BEC48C02290A38AA00C1A521 /* Day60ChallengeTests.swift */ = {isa = PBXFileReference; lastKnownFileType = sourcecode.swift; path = Day60ChallengeTests.swift; sourceTree = "<group>"; };
		BEC48C08290A38AA00C1A521 /* Day60ChallengeUITests.xctest */ = {isa = PBXFileReference; explicitFileType = wrapper.cfbundle; includeInIndex = 0; path = Day60ChallengeUITests.xctest; sourceTree = BUILT_PRODUCTS_DIR; };
		BEC48C0C290A38AA00C1A521 /* Day60ChallengeUITests.swift */ = {isa = PBXFileReference; lastKnownFileType = sourcecode.swift; path = Day60ChallengeUITests.swift; sourceTree = "<group>"; };
		BEC48C0E290A38AA00C1A521 /* Day60ChallengeUITestsLaunchTests.swift */ = {isa = PBXFileReference; lastKnownFileType = sourcecode.swift; path = Day60ChallengeUITestsLaunchTests.swift; sourceTree = "<group>"; };
		BEC48C1B290A38D600C1A521 /* User.swift */ = {isa = PBXFileReference; lastKnownFileType = sourcecode.swift; path = User.swift; sourceTree = "<group>"; };
		BEC48C1E290A3B3000C1A521 /* Friend.swift */ = {isa = PBXFileReference; lastKnownFileType = sourcecode.swift; path = Friend.swift; sourceTree = "<group>"; };
/* End PBXFileReference section */

/* Begin PBXFrameworksBuildPhase section */
		BEC48BEA290A38A900C1A521 /* Frameworks */ = {
			isa = PBXFrameworksBuildPhase;
			buildActionMask = 2147483647;
			files = (
			);
			runOnlyForDeploymentPostprocessing = 0;
		};
		BEC48BFB290A38AA00C1A521 /* Frameworks */ = {
			isa = PBXFrameworksBuildPhase;
			buildActionMask = 2147483647;
			files = (
			);
			runOnlyForDeploymentPostprocessing = 0;
		};
		BEC48C05290A38AA00C1A521 /* Frameworks */ = {
			isa = PBXFrameworksBuildPhase;
			buildActionMask = 2147483647;
			files = (
			);
			runOnlyForDeploymentPostprocessing = 0;
		};
/* End PBXFrameworksBuildPhase section */

/* Begin PBXGroup section */
		BEC48BE4290A38A900C1A521 = {
			isa = PBXGroup;
			children = (
				BEA7D908290B97C9009F3666 /* CachedUser+CoreDataClass.swift */,
				BEA7D909290B97C9009F3666 /* CachedUser+CoreDataProperties.swift */,
				BEA7D90A290B97C9009F3666 /* CachedFriend+CoreDataClass.swift */,
				BEA7D90B290B97C9009F3666 /* CachedFriend+CoreDataProperties.swift */,
				BEC48BEF290A38A900C1A521 /* Day60Challenge */,
				BEC48C01290A38AA00C1A521 /* Day60ChallengeTests */,
				BEC48C0B290A38AA00C1A521 /* Day60ChallengeUITests */,
				BEC48BEE290A38A900C1A521 /* Products */,
			);
			sourceTree = "<group>";
		};
		BEC48BEE290A38A900C1A521 /* Products */ = {
			isa = PBXGroup;
			children = (
				BEC48BED290A38A900C1A521 /* Day60Challenge.app */,
				BEC48BFE290A38AA00C1A521 /* Day60ChallengeTests.xctest */,
				BEC48C08290A38AA00C1A521 /* Day60ChallengeUITests.xctest */,
			);
			name = Products;
			sourceTree = "<group>";
		};
		BEC48BEF290A38A900C1A521 /* Day60Challenge */ = {
			isa = PBXGroup;
			children = (
				BEC48BF0290A38A900C1A521 /* Day60ChallengeApp.swift */,
				BEC48BF2290A38A900C1A521 /* ContentView.swift */,
				BEA7D905290B922B009F3666 /* Model.xcdatamodeld */,
				BEA7D903290B8722009F3666 /* UserView.swift */,
				BEC48BF4290A38AA00C1A521 /* Assets.xcassets */,
				BEC48BF6290A38AA00C1A521 /* Day60Challenge.entitlements */,
				BEC48BF7290A38AA00C1A521 /* Preview Content */,
				BEC48C1D290A3B1700C1A521 /* structs */,
			);
			path = Day60Challenge;
			sourceTree = "<group>";
		};
		BEC48BF7290A38AA00C1A521 /* Preview Content */ = {
			isa = PBXGroup;
			children = (
				BEC48BF8290A38AA00C1A521 /* Preview Assets.xcassets */,
			);
			path = "Preview Content";
			sourceTree = "<group>";
		};
		BEC48C01290A38AA00C1A521 /* Day60ChallengeTests */ = {
			isa = PBXGroup;
			children = (
				BEC48C02290A38AA00C1A521 /* Day60ChallengeTests.swift */,
			);
			path = Day60ChallengeTests;
			sourceTree = "<group>";
		};
		BEC48C0B290A38AA00C1A521 /* Day60ChallengeUITests */ = {
			isa = PBXGroup;
			children = (
				BEC48C0C290A38AA00C1A521 /* Day60ChallengeUITests.swift */,
				BEC48C0E290A38AA00C1A521 /* Day60ChallengeUITestsLaunchTests.swift */,
			);
			path = Day60ChallengeUITests;
			sourceTree = "<group>";
		};
		BEC48C1D290A3B1700C1A521 /* structs */ = {
			isa = PBXGroup;
			children = (
				BEC48C1B290A38D600C1A521 /* User.swift */,
				BEC48C1E290A3B3000C1A521 /* Friend.swift */,
			);
			path = structs;
			sourceTree = "<group>";
		};
/* End PBXGroup section */

/* Begin PBXNativeTarget section */
		BEC48BEC290A38A900C1A521 /* Day60Challenge */ = {
			isa = PBXNativeTarget;
			buildConfigurationList = BEC48C12290A38AA00C1A521 /* Build configuration list for PBXNativeTarget "Day60Challenge" */;
			buildPhases = (
				BEC48BE9290A38A900C1A521 /* Sources */,
				BEC48BEA290A38A900C1A521 /* Frameworks */,
				BEC48BEB290A38A900C1A521 /* Resources */,
			);
			buildRules = (
			);
			dependencies = (
			);
			name = Day60Challenge;
			productName = Day60Challenge;
			productReference = BEC48BED290A38A900C1A521 /* Day60Challenge.app */;
			productType = "com.apple.product-type.application";
		};
		BEC48BFD290A38AA00C1A521 /* Day60ChallengeTests */ = {
			isa = PBXNativeTarget;
			buildConfigurationList = BEC48C15290A38AA00C1A521 /* Build configuration list for PBXNativeTarget "Day60ChallengeTests" */;
			buildPhases = (
				BEC48BFA290A38AA00C1A521 /* Sources */,
				BEC48BFB290A38AA00C1A521 /* Frameworks */,
				BEC48BFC290A38AA00C1A521 /* Resources */,
			);
			buildRules = (
			);
			dependencies = (
				BEC48C00290A38AA00C1A521 /* PBXTargetDependency */,
			);
			name = Day60ChallengeTests;
			productName = Day60ChallengeTests;
			productReference = BEC48BFE290A38AA00C1A521 /* Day60ChallengeTests.xctest */;
			productType = "com.apple.product-type.bundle.unit-test";
		};
		BEC48C07290A38AA00C1A521 /* Day60ChallengeUITests */ = {
			isa = PBXNativeTarget;
			buildConfigurationList = BEC48C18290A38AA00C1A521 /* Build configuration list for PBXNativeTarget "Day60ChallengeUITests" */;
			buildPhases = (
				BEC48C04290A38AA00C1A521 /* Sources */,
				BEC48C05290A38AA00C1A521 /* Frameworks */,
				BEC48C06290A38AA00C1A521 /* Resources */,
			);
			buildRules = (
			);
			dependencies = (
				BEC48C0A290A38AA00C1A521 /* PBXTargetDependency */,
			);
			name = Day60ChallengeUITests;
			productName = Day60ChallengeUITests;
			productReference = BEC48C08290A38AA00C1A521 /* Day60ChallengeUITests.xctest */;
			productType = "com.apple.product-type.bundle.ui-testing";
		};
/* End PBXNativeTarget section */

/* Begin PBXProject section */
		BEC48BE5290A38A900C1A521 /* Project object */ = {
			isa = PBXProject;
			attributes = {
				BuildIndependentTargetsInParallel = 1;
				LastSwiftUpdateCheck = 1400;
				LastUpgradeCheck = 1400;
				TargetAttributes = {
					BEC48BEC290A38A900C1A521 = {
						CreatedOnToolsVersion = 14.0.1;
					};
					BEC48BFD290A38AA00C1A521 = {
						CreatedOnToolsVersion = 14.0.1;
						TestTargetID = BEC48BEC290A38A900C1A521;
					};
					BEC48C07290A38AA00C1A521 = {
						CreatedOnToolsVersion = 14.0.1;
						TestTargetID = BEC48BEC290A38A900C1A521;
					};
				};
			};
			buildConfigurationList = BEC48BE8290A38A900C1A521 /* Build configuration list for PBXProject "Day60Challenge" */;
			compatibilityVersion = "Xcode 14.0";
			developmentRegion = en;
			hasScannedForEncodings = 0;
			knownRegions = (
				en,
				Base,
			);
			mainGroup = BEC48BE4290A38A900C1A521;
			productRefGroup = BEC48BEE290A38A900C1A521 /* Products */;
			projectDirPath = "";
			projectRoot = "";
			targets = (
				BEC48BEC290A38A900C1A521 /* Day60Challenge */,
				BEC48BFD290A38AA00C1A521 /* Day60ChallengeTests */,
				BEC48C07290A38AA00C1A521 /* Day60ChallengeUITests */,
			);
		};
/* End PBXProject section */

/* Begin PBXResourcesBuildPhase section */
		BEC48BEB290A38A900C1A521 /* Resources */ = {
			isa = PBXResourcesBuildPhase;
			buildActionMask = 2147483647;
			files = (
				BEC48BF9290A38AA00C1A521 /* Preview Assets.xcassets in Resources */,
				BEC48BF5290A38AA00C1A521 /* Assets.xcassets in Resources */,
			);
			runOnlyForDeploymentPostprocessing = 0;
		};
		BEC48BFC290A38AA00C1A521 /* Resources */ = {
			isa = PBXResourcesBuildPhase;
			buildActionMask = 2147483647;
			files = (
			);
			runOnlyForDeploymentPostprocessing = 0;
		};
		BEC48C06290A38AA00C1A521 /* Resources */ = {
			isa = PBXResourcesBuildPhase;
			buildActionMask = 2147483647;
			files = (
			);
			runOnlyForDeploymentPostprocessing = 0;
		};
/* End PBXResourcesBuildPhase section */

/* Begin PBXSourcesBuildPhase section */
		BEC48BE9290A38A900C1A521 /* Sources */ = {
			isa = PBXSourcesBuildPhase;
			buildActionMask = 2147483647;
			files = (
				BEA7D90E290B97C9009F3666 /* CachedFriend+CoreDataClass.swift in Sources */,
				BEA7D90F290B97C9009F3666 /* CachedFriend+CoreDataProperties.swift in Sources */,
				BEA7D90D290B97C9009F3666 /* CachedUser+CoreDataProperties.swift in Sources */,
				BEC48BF3290A38A900C1A521 /* ContentView.swift in Sources */,
				BEC48BF1290A38A900C1A521 /* Day60ChallengeApp.swift in Sources */,
				BEA7D904290B8722009F3666 /* UserView.swift in Sources */,
				BEC48C1C290A38D600C1A521 /* User.swift in Sources */,
				BEC48C1F290A3B3000C1A521 /* Friend.swift in Sources */,
				BEA7D90C290B97C9009F3666 /* CachedUser+CoreDataClass.swift in Sources */,
				BEA7D907290B922B009F3666 /* Model.xcdatamodeld in Sources */,
			);
			runOnlyForDeploymentPostprocessing = 0;
		};
		BEC48BFA290A38AA00C1A521 /* Sources */ = {
			isa = PBXSourcesBuildPhase;
			buildActionMask = 2147483647;
			files = (
				BEC48C03290A38AA00C1A521 /* Day60ChallengeTests.swift in Sources */,
			);
			runOnlyForDeploymentPostprocessing = 0;
		};
		BEC48C04290A38AA00C1A521 /* Sources */ = {
			isa = PBXSourcesBuildPhase;
			buildActionMask = 2147483647;
			files = (
				BEC48C0D290A38AA00C1A521 /* Day60ChallengeUITests.swift in Sources */,
				BEC48C0F290A38AA00C1A521 /* Day60ChallengeUITestsLaunchTests.swift in Sources */,
			);
			runOnlyForDeploymentPostprocessing = 0;
		};
/* End PBXSourcesBuildPhase section */

/* Begin PBXTargetDependency section */
		BEC48C00290A38AA00C1A521 /* PBXTargetDependency */ = {
			isa = PBXTargetDependency;
			target = BEC48BEC290A38A900C1A521 /* Day60Challenge */;
			targetProxy = BEC48BFF290A38AA00C1A521 /* PBXContainerItemProxy */;
		};
		BEC48C0A290A38AA00C1A521 /* PBXTargetDependency */ = {
			isa = PBXTargetDependency;
			target = BEC48BEC290A38A900C1A521 /* Day60Challenge */;
			targetProxy = BEC48C09290A38AA00C1A521 /* PBXContainerItemProxy */;
		};
/* End PBXTargetDependency section */

/* Begin XCBuildConfiguration section */
		BEC48C10290A38AA00C1A521 /* Debug */ = {
			isa = XCBuildConfiguration;
			buildSettings = {
				ALWAYS_SEARCH_USER_PATHS = NO;
				CLANG_ANALYZER_NONNULL = YES;
				CLANG_ANALYZER_NUMBER_OBJECT_CONVERSION = YES_AGGRESSIVE;
				CLANG_CXX_LANGUAGE_STANDARD = "gnu++20";
				CLANG_ENABLE_MODULES = YES;
				CLANG_ENABLE_OBJC_ARC = YES;
				CLANG_ENABLE_OBJC_WEAK = YES;
				CLANG_WARN_BLOCK_CAPTURE_AUTORELEASING = YES;
				CLANG_WARN_BOOL_CONVERSION = YES;
				CLANG_WARN_COMMA = YES;
				CLANG_WARN_CONSTANT_CONVERSION = YES;
				CLANG_WARN_DEPRECATED_OBJC_IMPLEMENTATIONS = YES;
				CLANG_WARN_DIRECT_OBJC_ISA_USAGE = YES_ERROR;
				CLANG_WARN_DOCUMENTATION_COMMENTS = YES;
				CLANG_WARN_EMPTY_BODY = YES;
				CLANG_WARN_ENUM_CONVERSION = YES;
				CLANG_WARN_INFINITE_RECURSION = YES;
				CLANG_WARN_INT_CONVERSION = YES;
				CLANG_WARN_NON_LITERAL_NULL_CONVERSION = YES;
				CLANG_WARN_OBJC_IMPLICIT_RETAIN_SELF = YES;
				CLANG_WARN_OBJC_LITERAL_CONVERSION = YES;
				CLANG_WARN_OBJC_ROOT_CLASS = YES_ERROR;
				CLANG_WARN_QUOTED_INCLUDE_IN_FRAMEWORK_HEADER = YES;
				CLANG_WARN_RANGE_LOOP_ANALYSIS = YES;
				CLANG_WARN_STRICT_PROTOTYPES = YES;
				CLANG_WARN_SUSPICIOUS_MOVE = YES;
				CLANG_WARN_UNGUARDED_AVAILABILITY = YES_AGGRESSIVE;
				CLANG_WARN_UNREACHABLE_CODE = YES;
				CLANG_WARN__DUPLICATE_METHOD_MATCH = YES;
				COPY_PHASE_STRIP = NO;
				DEBUG_INFORMATION_FORMAT = dwarf;
				ENABLE_STRICT_OBJC_MSGSEND = YES;
				ENABLE_TESTABILITY = YES;
				GCC_C_LANGUAGE_STANDARD = gnu11;
				GCC_DYNAMIC_NO_PIC = NO;
				GCC_NO_COMMON_BLOCKS = YES;
				GCC_OPTIMIZATION_LEVEL = 0;
				GCC_PREPROCESSOR_DEFINITIONS = (
					"DEBUG=1",
					"$(inherited)",
				);
				GCC_WARN_64_TO_32_BIT_CONVERSION = YES;
				GCC_WARN_ABOUT_RETURN_TYPE = YES_ERROR;
				GCC_WARN_UNDECLARED_SELECTOR = YES;
				GCC_WARN_UNINITIALIZED_AUTOS = YES_AGGRESSIVE;
				GCC_WARN_UNUSED_FUNCTION = YES;
				GCC_WARN_UNUSED_VARIABLE = YES;
				MTL_ENABLE_DEBUG_INFO = INCLUDE_SOURCE;
				MTL_FAST_MATH = YES;
				ONLY_ACTIVE_ARCH = YES;
				SWIFT_ACTIVE_COMPILATION_CONDITIONS = DEBUG;
				SWIFT_OPTIMIZATION_LEVEL = "-Onone";
			};
			name = Debug;
		};
		BEC48C11290A38AA00C1A521 /* Release */ = {
			isa = XCBuildConfiguration;
			buildSettings = {
				ALWAYS_SEARCH_USER_PATHS = NO;
				CLANG_ANALYZER_NONNULL = YES;
				CLANG_ANALYZER_NUMBER_OBJECT_CONVERSION = YES_AGGRESSIVE;
				CLANG_CXX_LANGUAGE_STANDARD = "gnu++20";
				CLANG_ENABLE_MODULES = YES;
				CLANG_ENABLE_OBJC_ARC = YES;
				CLANG_ENABLE_OBJC_WEAK = YES;
				CLANG_WARN_BLOCK_CAPTURE_AUTORELEASING = YES;
				CLANG_WARN_BOOL_CONVERSION = YES;
				CLANG_WARN_COMMA = YES;
				CLANG_WARN_CONSTANT_CONVERSION = YES;
				CLANG_WARN_DEPRECATED_OBJC_IMPLEMENTATIONS = YES;
				CLANG_WARN_DIRECT_OBJC_ISA_USAGE = YES_ERROR;
				CLANG_WARN_DOCUMENTATION_COMMENTS = YES;
				CLANG_WARN_EMPTY_BODY = YES;
				CLANG_WARN_ENUM_CONVERSION = YES;
				CLANG_WARN_INFINITE_RECURSION = YES;
				CLANG_WARN_INT_CONVERSION = YES;
				CLANG_WARN_NON_LITERAL_NULL_CONVERSION = YES;
				CLANG_WARN_OBJC_IMPLICIT_RETAIN_SELF = YES;
				CLANG_WARN_OBJC_LITERAL_CONVERSION = YES;
				CLANG_WARN_OBJC_ROOT_CLASS = YES_ERROR;
				CLANG_WARN_QUOTED_INCLUDE_IN_FRAMEWORK_HEADER = YES;
				CLANG_WARN_RANGE_LOOP_ANALYSIS = YES;
				CLANG_WARN_STRICT_PROTOTYPES = YES;
				CLANG_WARN_SUSPICIOUS_MOVE = YES;
				CLANG_WARN_UNGUARDED_AVAILABILITY = YES_AGGRESSIVE;
				CLANG_WARN_UNREACHABLE_CODE = YES;
				CLANG_WARN__DUPLICATE_METHOD_MATCH = YES;
				COPY_PHASE_STRIP = NO;
				DEBUG_INFORMATION_FORMAT = "dwarf-with-dsym";
				ENABLE_NS_ASSERTIONS = NO;
				ENABLE_STRICT_OBJC_MSGSEND = YES;
				GCC_C_LANGUAGE_STANDARD = gnu11;
				GCC_NO_COMMON_BLOCKS = YES;
				GCC_WARN_64_TO_32_BIT_CONVERSION = YES;
				GCC_WARN_ABOUT_RETURN_TYPE = YES_ERROR;
				GCC_WARN_UNDECLARED_SELECTOR = YES;
				GCC_WARN_UNINITIALIZED_AUTOS = YES_AGGRESSIVE;
				GCC_WARN_UNUSED_FUNCTION = YES;
				GCC_WARN_UNUSED_VARIABLE = YES;
				MTL_ENABLE_DEBUG_INFO = NO;
				MTL_FAST_MATH = YES;
				SWIFT_COMPILATION_MODE = wholemodule;
				SWIFT_OPTIMIZATION_LEVEL = "-O";
			};
			name = Release;
		};
		BEC48C13290A38AA00C1A521 /* Debug */ = {
			isa = XCBuildConfiguration;
			buildSettings = {
				ASSETCATALOG_COMPILER_APPICON_NAME = AppIcon;
				ASSETCATALOG_COMPILER_GLOBAL_ACCENT_COLOR_NAME = AccentColor;
				CODE_SIGN_ENTITLEMENTS = Day60Challenge/Day60Challenge.entitlements;
				CODE_SIGN_STYLE = Automatic;
				CURRENT_PROJECT_VERSION = 1;
				DEVELOPMENT_ASSET_PATHS = "\"Day60Challenge/Preview Content\"";
				ENABLE_PREVIEWS = YES;
				GENERATE_INFOPLIST_FILE = YES;
				"INFOPLIST_KEY_UIApplicationSceneManifest_Generation[sdk=iphoneos*]" = YES;
				"INFOPLIST_KEY_UIApplicationSceneManifest_Generation[sdk=iphonesimulator*]" = YES;
				"INFOPLIST_KEY_UIApplicationSupportsIndirectInputEvents[sdk=iphoneos*]" = YES;
				"INFOPLIST_KEY_UIApplicationSupportsIndirectInputEvents[sdk=iphonesimulator*]" = YES;
				"INFOPLIST_KEY_UILaunchScreen_Generation[sdk=iphoneos*]" = YES;
				"INFOPLIST_KEY_UILaunchScreen_Generation[sdk=iphonesimulator*]" = YES;
				"INFOPLIST_KEY_UIStatusBarStyle[sdk=iphoneos*]" = UIStatusBarStyleDefault;
				"INFOPLIST_KEY_UIStatusBarStyle[sdk=iphonesimulator*]" = UIStatusBarStyleDefault;
				INFOPLIST_KEY_UISupportedInterfaceOrientations_iPad = "UIInterfaceOrientationPortrait UIInterfaceOrientationPortraitUpsideDown UIInterfaceOrientationLandscapeLeft UIInterfaceOrientationLandscapeRight";
				INFOPLIST_KEY_UISupportedInterfaceOrientations_iPhone = "UIInterfaceOrientationPortrait UIInterfaceOrientationLandscapeLeft UIInterfaceOrientationLandscapeRight";
				IPHONEOS_DEPLOYMENT_TARGET = 16.0;
				LD_RUNPATH_SEARCH_PATHS = "@executable_path/Frameworks";
				"LD_RUNPATH_SEARCH_PATHS[sdk=macosx*]" = "@executable_path/../Frameworks";
				MACOSX_DEPLOYMENT_TARGET = 12.3;
				MARKETING_VERSION = 1.0;
				PRODUCT_BUNDLE_IDENTIFIER = "Alex-Bardi.Day60Challenge";
				PRODUCT_NAME = "$(TARGET_NAME)";
				SDKROOT = auto;
				SUPPORTED_PLATFORMS = "iphoneos iphonesimulator macosx";
				SWIFT_EMIT_LOC_STRINGS = YES;
				SWIFT_VERSION = 5.0;
				TARGETED_DEVICE_FAMILY = "1,2";
			};
			name = Debug;
		};
		BEC48C14290A38AA00C1A521 /* Release */ = {
			isa = XCBuildConfiguration;
			buildSettings = {
				ASSETCATALOG_COMPILER_APPICON_NAME = AppIcon;
				ASSETCATALOG_COMPILER_GLOBAL_ACCENT_COLOR_NAME = AccentColor;
				CODE_SIGN_ENTITLEMENTS = Day60Challenge/Day60Challenge.entitlements;
				CODE_SIGN_STYLE = Automatic;
				CURRENT_PROJECT_VERSION = 1;
				DEVELOPMENT_ASSET_PATHS = "\"Day60Challenge/Preview Content\"";
				ENABLE_PREVIEWS = YES;
				GENERATE_INFOPLIST_FILE = YES;
				"INFOPLIST_KEY_UIApplicationSceneManifest_Generation[sdk=iphoneos*]" = YES;
				"INFOPLIST_KEY_UIApplicationSceneManifest_Generation[sdk=iphonesimulator*]" = YES;
				"INFOPLIST_KEY_UIApplicationSupportsIndirectInputEvents[sdk=iphoneos*]" = YES;
				"INFOPLIST_KEY_UIApplicationSupportsIndirectInputEvents[sdk=iphonesimulator*]" = YES;
				"INFOPLIST_KEY_UILaunchScreen_Generation[sdk=iphoneos*]" = YES;
				"INFOPLIST_KEY_UILaunchScreen_Generation[sdk=iphonesimulator*]" = YES;
				"INFOPLIST_KEY_UIStatusBarStyle[sdk=iphoneos*]" = UIStatusBarStyleDefault;
				"INFOPLIST_KEY_UIStatusBarStyle[sdk=iphonesimulator*]" = UIStatusBarStyleDefault;
				INFOPLIST_KEY_UISupportedInterfaceOrientations_iPad = "UIInterfaceOrientationPortrait UIInterfaceOrientationPortraitUpsideDown UIInterfaceOrientationLandscapeLeft UIInterfaceOrientationLandscapeRight";
				INFOPLIST_KEY_UISupportedInterfaceOrientations_iPhone = "UIInterfaceOrientationPortrait UIInterfaceOrientationLandscapeLeft UIInterfaceOrientationLandscapeRight";
				IPHONEOS_DEPLOYMENT_TARGET = 16.0;
				LD_RUNPATH_SEARCH_PATHS = "@executable_path/Frameworks";
				"LD_RUNPATH_SEARCH_PATHS[sdk=macosx*]" = "@executable_path/../Frameworks";
				MACOSX_DEPLOYMENT_TARGET = 12.3;
				MARKETING_VERSION = 1.0;
				PRODUCT_BUNDLE_IDENTIFIER = "Alex-Bardi.Day60Challenge";
				PRODUCT_NAME = "$(TARGET_NAME)";
				SDKROOT = auto;
				SUPPORTED_PLATFORMS = "iphoneos iphonesimulator macosx";
				SWIFT_EMIT_LOC_STRINGS = YES;
				SWIFT_VERSION = 5.0;
				TARGETED_DEVICE_FAMILY = "1,2";
			};
			name = Release;
		};
		BEC48C16290A38AA00C1A521 /* Debug */ = {
			isa = XCBuildConfiguration;
			buildSettings = {
				ALWAYS_EMBED_SWIFT_STANDARD_LIBRARIES = YES;
				BUNDLE_LOADER = "$(TEST_HOST)";
				CODE_SIGN_STYLE = Automatic;
				CURRENT_PROJECT_VERSION = 1;
				GENERATE_INFOPLIST_FILE = YES;
				IPHONEOS_DEPLOYMENT_TARGET = 16.0;
				MACOSX_DEPLOYMENT_TARGET = 12.3;
				MARKETING_VERSION = 1.0;
				PRODUCT_BUNDLE_IDENTIFIER = "Alex-Bardi.Day60ChallengeTests";
				PRODUCT_NAME = "$(TARGET_NAME)";
				SDKROOT = auto;
				SUPPORTED_PLATFORMS = "iphoneos iphonesimulator macosx";
				SWIFT_EMIT_LOC_STRINGS = NO;
				SWIFT_VERSION = 5.0;
				TARGETED_DEVICE_FAMILY = "1,2";
				TEST_HOST = "$(BUILT_PRODUCTS_DIR)/Day60Challenge.app/$(BUNDLE_EXECUTABLE_FOLDER_PATH)/Day60Challenge";
			};
			name = Debug;
		};
		BEC48C17290A38AA00C1A521 /* Release */ = {
			isa = XCBuildConfiguration;
			buildSettings = {
				ALWAYS_EMBED_SWIFT_STANDARD_LIBRARIES = YES;
				BUNDLE_LOADER = "$(TEST_HOST)";
				CODE_SIGN_STYLE = Automatic;
				CURRENT_PROJECT_VERSION = 1;
				GENERATE_INFOPLIST_FILE = YES;
				IPHONEOS_DEPLOYMENT_TARGET = 16.0;
				MACOSX_DEPLOYMENT_TARGET = 12.3;
				MARKETING_VERSION = 1.0;
				PRODUCT_BUNDLE_IDENTIFIER = "Alex-Bardi.Day60ChallengeTests";
				PRODUCT_NAME = "$(TARGET_NAME)";
				SDKROOT = auto;
				SUPPORTED_PLATFORMS = "iphoneos iphonesimulator macosx";
				SWIFT_EMIT_LOC_STRINGS = NO;
				SWIFT_VERSION = 5.0;
				TARGETED_DEVICE_FAMILY = "1,2";
				TEST_HOST = "$(BUILT_PRODUCTS_DIR)/Day60Challenge.app/$(BUNDLE_EXECUTABLE_FOLDER_PATH)/Day60Challenge";
			};
			name = Release;
		};
		BEC48C19290A38AA00C1A521 /* Debug */ = {
			isa = XCBuildConfiguration;
			buildSettings = {
				ALWAYS_EMBED_SWIFT_STANDARD_LIBRARIES = YES;
				CODE_SIGN_STYLE = Automatic;
				CURRENT_PROJECT_VERSION = 1;
				GENERATE_INFOPLIST_FILE = YES;
				IPHONEOS_DEPLOYMENT_TARGET = 16.0;
				MACOSX_DEPLOYMENT_TARGET = 12.3;
				MARKETING_VERSION = 1.0;
				PRODUCT_BUNDLE_IDENTIFIER = "Alex-Bardi.Day60ChallengeUITests";
				PRODUCT_NAME = "$(TARGET_NAME)";
				SDKROOT = auto;
				SUPPORTED_PLATFORMS = "iphoneos iphonesimulator macosx";
				SWIFT_EMIT_LOC_STRINGS = NO;
				SWIFT_VERSION = 5.0;
				TARGETED_DEVICE_FAMILY = "1,2";
				TEST_TARGET_NAME = Day60Challenge;
			};
			name = Debug;
		};
		BEC48C1A290A38AA00C1A521 /* Release */ = {
			isa = XCBuildConfiguration;
			buildSettings = {
				ALWAYS_EMBED_SWIFT_STANDARD_LIBRARIES = YES;
				CODE_SIGN_STYLE = Automatic;
				CURRENT_PROJECT_VERSION = 1;
				GENERATE_INFOPLIST_FILE = YES;
				IPHONEOS_DEPLOYMENT_TARGET = 16.0;
				MACOSX_DEPLOYMENT_TARGET = 12.3;
				MARKETING_VERSION = 1.0;
				PRODUCT_BUNDLE_IDENTIFIER = "Alex-Bardi.Day60ChallengeUITests";
				PRODUCT_NAME = "$(TARGET_NAME)";
				SDKROOT = auto;
				SUPPORTED_PLATFORMS = "iphoneos iphonesimulator macosx";
				SWIFT_EMIT_LOC_STRINGS = NO;
				SWIFT_VERSION = 5.0;
				TARGETED_DEVICE_FAMILY = "1,2";
				TEST_TARGET_NAME = Day60Challenge;
			};
			name = Release;
		};
/* End XCBuildConfiguration section */

/* Begin XCConfigurationList section */
		BEC48BE8290A38A900C1A521 /* Build configuration list for PBXProject "Day60Challenge" */ = {
			isa = XCConfigurationList;
			buildConfigurations = (
				BEC48C10290A38AA00C1A521 /* Debug */,
				BEC48C11290A38AA00C1A521 /* Release */,
			);
			defaultConfigurationIsVisible = 0;
			defaultConfigurationName = Release;
		};
		BEC48C12290A38AA00C1A521 /* Build configuration list for PBXNativeTarget "Day60Challenge" */ = {
			isa = XCConfigurationList;
			buildConfigurations = (
				BEC48C13290A38AA00C1A521 /* Debug */,
				BEC48C14290A38AA00C1A521 /* Release */,
			);
			defaultConfigurationIsVisible = 0;
			defaultConfigurationName = Release;
		};
		BEC48C15290A38AA00C1A521 /* Build configuration list for PBXNativeTarget "Day60ChallengeTests" */ = {
			isa = XCConfigurationList;
			buildConfigurations = (
				BEC48C16290A38AA00C1A521 /* Debug */,
				BEC48C17290A38AA00C1A521 /* Release */,
			);
			defaultConfigurationIsVisible = 0;
			defaultConfigurationName = Release;
		};
		BEC48C18290A38AA00C1A521 /* Build configuration list for PBXNativeTarget "Day60ChallengeUITests" */ = {
			isa = XCConfigurationList;
			buildConfigurations = (
				BEC48C19290A38AA00C1A521 /* Debug */,
				BEC48C1A290A38AA00C1A521 /* Release */,
			);
			defaultConfigurationIsVisible = 0;
			defaultConfigurationName = Release;
		};
/* End XCConfigurationList section */

/* Begin XCVersionGroup section */
		BEA7D905290B922B009F3666 /* Model.xcdatamodeld */ = {
			isa = XCVersionGroup;
			children = (
				BEA7D906290B922B009F3666 /* Model.xcdatamodel */,
			);
			currentVersion = BEA7D906290B922B009F3666 /* Model.xcdatamodel */;
			path = Model.xcdatamodeld;
			sourceTree = "<group>";
			versionGroupType = wrapper.xcdatamodel;
		};
/* End XCVersionGroup section */
	};
	rootObject = BEC48BE5290A38A900C1A521 /* Project object */;
}
