// !$*UTF8*$!
{
	archiveVersion = 1;
	classes = {
	};
	objectVersion = 55;
	objects = {

/* Begin PBXBuildFile section */
		BE007211288F8DFF0001A387 /* RatingView.swift in Sources */ = {isa = PBXBuildFile; fileRef = BE007210288F8DFF0001A387 /* RatingView.swift */; };
		BE007212288F8DFF0001A387 /* RatingView.swift in Sources */ = {isa = PBXBuildFile; fileRef = BE007210288F8DFF0001A387 /* RatingView.swift */; };
		BE0072142890F3A00001A387 /* EmojiRatingView.swift in Sources */ = {isa = PBXBuildFile; fileRef = BE0072132890F3A00001A387 /* EmojiRatingView.swift */; };
		BE0072152890F3A00001A387 /* EmojiRatingView.swift in Sources */ = {isa = PBXBuildFile; fileRef = BE0072132890F3A00001A387 /* EmojiRatingView.swift */; };
		BE007217289247AD0001A387 /* DetailView.swift in Sources */ = {isa = PBXBuildFile; fileRef = BE007216289247AD0001A387 /* DetailView.swift */; };
		BE007218289247AD0001A387 /* DetailView.swift in Sources */ = {isa = PBXBuildFile; fileRef = BE007216289247AD0001A387 /* DetailView.swift */; };
		BE309C9828810F24000AF7B6 /* Tests_iOS.swift in Sources */ = {isa = PBXBuildFile; fileRef = BE309C9728810F24000AF7B6 /* Tests_iOS.swift */; };
		BE309C9A28810F24000AF7B6 /* Tests_iOSLaunchTests.swift in Sources */ = {isa = PBXBuildFile; fileRef = BE309C9928810F24000AF7B6 /* Tests_iOSLaunchTests.swift */; };
		BE309CA428810F24000AF7B6 /* Tests_macOS.swift in Sources */ = {isa = PBXBuildFile; fileRef = BE309CA328810F24000AF7B6 /* Tests_macOS.swift */; };
		BE309CA628810F24000AF7B6 /* Tests_macOSLaunchTests.swift in Sources */ = {isa = PBXBuildFile; fileRef = BE309CA528810F24000AF7B6 /* Tests_macOSLaunchTests.swift */; };
		BE309CA728810F24000AF7B6 /* BookwormApp.swift in Sources */ = {isa = PBXBuildFile; fileRef = BE309C7F28810F23000AF7B6 /* BookwormApp.swift */; };
		BE309CA828810F24000AF7B6 /* BookwormApp.swift in Sources */ = {isa = PBXBuildFile; fileRef = BE309C7F28810F23000AF7B6 /* BookwormApp.swift */; };
		BE309CA928810F24000AF7B6 /* ContentView.swift in Sources */ = {isa = PBXBuildFile; fileRef = BE309C8028810F23000AF7B6 /* ContentView.swift */; };
		BE309CAA28810F24000AF7B6 /* ContentView.swift in Sources */ = {isa = PBXBuildFile; fileRef = BE309C8028810F23000AF7B6 /* ContentView.swift */; };
		BE309CAB28810F24000AF7B6 /* Assets.xcassets in Resources */ = {isa = PBXBuildFile; fileRef = BE309C8128810F24000AF7B6 /* Assets.xcassets */; };
		BE309CAC28810F24000AF7B6 /* Assets.xcassets in Resources */ = {isa = PBXBuildFile; fileRef = BE309C8128810F24000AF7B6 /* Assets.xcassets */; };
		BE309CBD28811A5E000AF7B6 /* Bookworm.xcdatamodeld in Sources */ = {isa = PBXBuildFile; fileRef = BE309CBB28811A5E000AF7B6 /* Bookworm.xcdatamodeld */; };
		BE309CBE28811A5E000AF7B6 /* Bookworm.xcdatamodeld in Sources */ = {isa = PBXBuildFile; fileRef = BE309CBB28811A5E000AF7B6 /* Bookworm.xcdatamodeld */; };
		BE309CC028811B0E000AF7B6 /* DataController.swift in Sources */ = {isa = PBXBuildFile; fileRef = BE309CBF28811B0E000AF7B6 /* DataController.swift */; };
		BE309CC128811B0E000AF7B6 /* DataController.swift in Sources */ = {isa = PBXBuildFile; fileRef = BE309CBF28811B0E000AF7B6 /* DataController.swift */; };
		BE81BFF028824F16001C2E3C /* AddBookView.swift in Sources */ = {isa = PBXBuildFile; fileRef = BE81BFEF28824F16001C2E3C /* AddBookView.swift */; };
		BE81BFF128824F16001C2E3C /* AddBookView.swift in Sources */ = {isa = PBXBuildFile; fileRef = BE81BFEF28824F16001C2E3C /* AddBookView.swift */; };
/* End PBXBuildFile section */

/* Begin PBXContainerItemProxy section */
		BE309C9428810F24000AF7B6 /* PBXContainerItemProxy */ = {
			isa = PBXContainerItemProxy;
			containerPortal = BE309C7A28810F23000AF7B6 /* Project object */;
			proxyType = 1;
			remoteGlobalIDString = BE309C8528810F24000AF7B6;
			remoteInfo = "Bookworm (iOS)";
		};
		BE309CA028810F24000AF7B6 /* PBXContainerItemProxy */ = {
			isa = PBXContainerItemProxy;
			containerPortal = BE309C7A28810F23000AF7B6 /* Project object */;
			proxyType = 1;
			remoteGlobalIDString = BE309C8B28810F24000AF7B6;
			remoteInfo = "Bookworm (macOS)";
		};
/* End PBXContainerItemProxy section */

/* Begin PBXFileReference section */
		BE007210288F8DFF0001A387 /* RatingView.swift */ = {isa = PBXFileReference; lastKnownFileType = sourcecode.swift; path = RatingView.swift; sourceTree = "<group>"; };
		BE0072132890F3A00001A387 /* EmojiRatingView.swift */ = {isa = PBXFileReference; lastKnownFileType = sourcecode.swift; path = EmojiRatingView.swift; sourceTree = "<group>"; };
		BE007216289247AD0001A387 /* DetailView.swift */ = {isa = PBXFileReference; lastKnownFileType = sourcecode.swift; path = DetailView.swift; sourceTree = "<group>"; };
		BE309C7F28810F23000AF7B6 /* BookwormApp.swift */ = {isa = PBXFileReference; lastKnownFileType = sourcecode.swift; path = BookwormApp.swift; sourceTree = "<group>"; };
		BE309C8028810F23000AF7B6 /* ContentView.swift */ = {isa = PBXFileReference; lastKnownFileType = sourcecode.swift; path = ContentView.swift; sourceTree = "<group>"; };
		BE309C8128810F24000AF7B6 /* Assets.xcassets */ = {isa = PBXFileReference; lastKnownFileType = folder.assetcatalog; path = Assets.xcassets; sourceTree = "<group>"; };
		BE309C8628810F24000AF7B6 /* Bookworm.app */ = {isa = PBXFileReference; explicitFileType = wrapper.application; includeInIndex = 0; path = Bookworm.app; sourceTree = BUILT_PRODUCTS_DIR; };
		BE309C8C28810F24000AF7B6 /* Bookworm.app */ = {isa = PBXFileReference; explicitFileType = wrapper.application; includeInIndex = 0; path = Bookworm.app; sourceTree = BUILT_PRODUCTS_DIR; };
		BE309C8E28810F24000AF7B6 /* macOS.entitlements */ = {isa = PBXFileReference; lastKnownFileType = text.plist.entitlements; path = macOS.entitlements; sourceTree = "<group>"; };
		BE309C9328810F24000AF7B6 /* Tests iOS.xctest */ = {isa = PBXFileReference; explicitFileType = wrapper.cfbundle; includeInIndex = 0; path = "Tests iOS.xctest"; sourceTree = BUILT_PRODUCTS_DIR; };
		BE309C9728810F24000AF7B6 /* Tests_iOS.swift */ = {isa = PBXFileReference; lastKnownFileType = sourcecode.swift; path = Tests_iOS.swift; sourceTree = "<group>"; };
		BE309C9928810F24000AF7B6 /* Tests_iOSLaunchTests.swift */ = {isa = PBXFileReference; lastKnownFileType = sourcecode.swift; path = Tests_iOSLaunchTests.swift; sourceTree = "<group>"; };
		BE309C9F28810F24000AF7B6 /* Tests macOS.xctest */ = {isa = PBXFileReference; explicitFileType = wrapper.cfbundle; includeInIndex = 0; path = "Tests macOS.xctest"; sourceTree = BUILT_PRODUCTS_DIR; };
		BE309CA328810F24000AF7B6 /* Tests_macOS.swift */ = {isa = PBXFileReference; lastKnownFileType = sourcecode.swift; path = Tests_macOS.swift; sourceTree = "<group>"; };
		BE309CA528810F24000AF7B6 /* Tests_macOSLaunchTests.swift */ = {isa = PBXFileReference; lastKnownFileType = sourcecode.swift; path = Tests_macOSLaunchTests.swift; sourceTree = "<group>"; };
		BE309CBC28811A5E000AF7B6 /* Bookworm.xcdatamodel */ = {isa = PBXFileReference; lastKnownFileType = wrapper.xcdatamodel; path = Bookworm.xcdatamodel; sourceTree = "<group>"; };
		BE309CBF28811B0E000AF7B6 /* DataController.swift */ = {isa = PBXFileReference; lastKnownFileType = sourcecode.swift; path = DataController.swift; sourceTree = "<group>"; };
		BE81BFEF28824F16001C2E3C /* AddBookView.swift */ = {isa = PBXFileReference; lastKnownFileType = sourcecode.swift; path = AddBookView.swift; sourceTree = "<group>"; };
/* End PBXFileReference section */

/* Begin PBXFrameworksBuildPhase section */
		BE309C8328810F24000AF7B6 /* Frameworks */ = {
			isa = PBXFrameworksBuildPhase;
			buildActionMask = 2147483647;
			files = (
			);
			runOnlyForDeploymentPostprocessing = 0;
		};
		BE309C8928810F24000AF7B6 /* Frameworks */ = {
			isa = PBXFrameworksBuildPhase;
			buildActionMask = 2147483647;
			files = (
			);
			runOnlyForDeploymentPostprocessing = 0;
		};
		BE309C9028810F24000AF7B6 /* Frameworks */ = {
			isa = PBXFrameworksBuildPhase;
			buildActionMask = 2147483647;
			files = (
			);
			runOnlyForDeploymentPostprocessing = 0;
		};
		BE309C9C28810F24000AF7B6 /* Frameworks */ = {
			isa = PBXFrameworksBuildPhase;
			buildActionMask = 2147483647;
			files = (
			);
			runOnlyForDeploymentPostprocessing = 0;
		};
/* End PBXFrameworksBuildPhase section */

/* Begin PBXGroup section */
		BE309C7928810F23000AF7B6 = {
			isa = PBXGroup;
			children = (
				BE309C7E28810F23000AF7B6 /* Shared */,
				BE309C8D28810F24000AF7B6 /* macOS */,
				BE309C9628810F24000AF7B6 /* Tests iOS */,
				BE309CA228810F24000AF7B6 /* Tests macOS */,
				BE309C8728810F24000AF7B6 /* Products */,
			);
			sourceTree = "<group>";
		};
		BE309C7E28810F23000AF7B6 /* Shared */ = {
			isa = PBXGroup;
			children = (
				BE309C7F28810F23000AF7B6 /* BookwormApp.swift */,
				BE309C8028810F23000AF7B6 /* ContentView.swift */,
				BE0072132890F3A00001A387 /* EmojiRatingView.swift */,
				BE309CBB28811A5E000AF7B6 /* Bookworm.xcdatamodeld */,
				BE81BFEF28824F16001C2E3C /* AddBookView.swift */,
				BE007210288F8DFF0001A387 /* RatingView.swift */,
				BE309CBF28811B0E000AF7B6 /* DataController.swift */,
				BE309C8128810F24000AF7B6 /* Assets.xcassets */,
				BE007216289247AD0001A387 /* DetailView.swift */,
			);
			path = Shared;
			sourceTree = "<group>";
		};
		BE309C8728810F24000AF7B6 /* Products */ = {
			isa = PBXGroup;
			children = (
				BE309C8628810F24000AF7B6 /* Bookworm.app */,
				BE309C8C28810F24000AF7B6 /* Bookworm.app */,
				BE309C9328810F24000AF7B6 /* Tests iOS.xctest */,
				BE309C9F28810F24000AF7B6 /* Tests macOS.xctest */,
			);
			name = Products;
			sourceTree = "<group>";
		};
		BE309C8D28810F24000AF7B6 /* macOS */ = {
			isa = PBXGroup;
			children = (
				BE309C8E28810F24000AF7B6 /* macOS.entitlements */,
			);
			path = macOS;
			sourceTree = "<group>";
		};
		BE309C9628810F24000AF7B6 /* Tests iOS */ = {
			isa = PBXGroup;
			children = (
				BE309C9728810F24000AF7B6 /* Tests_iOS.swift */,
				BE309C9928810F24000AF7B6 /* Tests_iOSLaunchTests.swift */,
			);
			path = "Tests iOS";
			sourceTree = "<group>";
		};
		BE309CA228810F24000AF7B6 /* Tests macOS */ = {
			isa = PBXGroup;
			children = (
				BE309CA328810F24000AF7B6 /* Tests_macOS.swift */,
				BE309CA528810F24000AF7B6 /* Tests_macOSLaunchTests.swift */,
			);
			path = "Tests macOS";
			sourceTree = "<group>";
		};
/* End PBXGroup section */

/* Begin PBXNativeTarget section */
		BE309C8528810F24000AF7B6 /* Bookworm (iOS) */ = {
			isa = PBXNativeTarget;
			buildConfigurationList = BE309CAF28810F24000AF7B6 /* Build configuration list for PBXNativeTarget "Bookworm (iOS)" */;
			buildPhases = (
				BE309C8228810F24000AF7B6 /* Sources */,
				BE309C8328810F24000AF7B6 /* Frameworks */,
				BE309C8428810F24000AF7B6 /* Resources */,
			);
			buildRules = (
			);
			dependencies = (
			);
			name = "Bookworm (iOS)";
			productName = "Bookworm (iOS)";
			productReference = BE309C8628810F24000AF7B6 /* Bookworm.app */;
			productType = "com.apple.product-type.application";
		};
		BE309C8B28810F24000AF7B6 /* Bookworm (macOS) */ = {
			isa = PBXNativeTarget;
			buildConfigurationList = BE309CB228810F24000AF7B6 /* Build configuration list for PBXNativeTarget "Bookworm (macOS)" */;
			buildPhases = (
				BE309C8828810F24000AF7B6 /* Sources */,
				BE309C8928810F24000AF7B6 /* Frameworks */,
				BE309C8A28810F24000AF7B6 /* Resources */,
			);
			buildRules = (
			);
			dependencies = (
			);
			name = "Bookworm (macOS)";
			productName = "Bookworm (macOS)";
			productReference = BE309C8C28810F24000AF7B6 /* Bookworm.app */;
			productType = "com.apple.product-type.application";
		};
		BE309C9228810F24000AF7B6 /* Tests iOS */ = {
			isa = PBXNativeTarget;
			buildConfigurationList = BE309CB528810F24000AF7B6 /* Build configuration list for PBXNativeTarget "Tests iOS" */;
			buildPhases = (
				BE309C8F28810F24000AF7B6 /* Sources */,
				BE309C9028810F24000AF7B6 /* Frameworks */,
				BE309C9128810F24000AF7B6 /* Resources */,
			);
			buildRules = (
			);
			dependencies = (
				BE309C9528810F24000AF7B6 /* PBXTargetDependency */,
			);
			name = "Tests iOS";
			productName = "Tests iOS";
			productReference = BE309C9328810F24000AF7B6 /* Tests iOS.xctest */;
			productType = "com.apple.product-type.bundle.ui-testing";
		};
		BE309C9E28810F24000AF7B6 /* Tests macOS */ = {
			isa = PBXNativeTarget;
			buildConfigurationList = BE309CB828810F24000AF7B6 /* Build configuration list for PBXNativeTarget "Tests macOS" */;
			buildPhases = (
				BE309C9B28810F24000AF7B6 /* Sources */,
				BE309C9C28810F24000AF7B6 /* Frameworks */,
				BE309C9D28810F24000AF7B6 /* Resources */,
			);
			buildRules = (
			);
			dependencies = (
				BE309CA128810F24000AF7B6 /* PBXTargetDependency */,
			);
			name = "Tests macOS";
			productName = "Tests macOS";
			productReference = BE309C9F28810F24000AF7B6 /* Tests macOS.xctest */;
			productType = "com.apple.product-type.bundle.ui-testing";
		};
/* End PBXNativeTarget section */

/* Begin PBXProject section */
		BE309C7A28810F23000AF7B6 /* Project object */ = {
			isa = PBXProject;
			attributes = {
				BuildIndependentTargetsInParallel = 1;
				LastSwiftUpdateCheck = 1340;
				LastUpgradeCheck = 1340;
				TargetAttributes = {
					BE309C8528810F24000AF7B6 = {
						CreatedOnToolsVersion = 13.4.1;
					};
					BE309C8B28810F24000AF7B6 = {
						CreatedOnToolsVersion = 13.4.1;
					};
					BE309C9228810F24000AF7B6 = {
						CreatedOnToolsVersion = 13.4.1;
						TestTargetID = BE309C8528810F24000AF7B6;
					};
					BE309C9E28810F24000AF7B6 = {
						CreatedOnToolsVersion = 13.4.1;
						TestTargetID = BE309C8B28810F24000AF7B6;
					};
				};
			};
			buildConfigurationList = BE309C7D28810F23000AF7B6 /* Build configuration list for PBXProject "Bookworm" */;
			compatibilityVersion = "Xcode 13.0";
			developmentRegion = en;
			hasScannedForEncodings = 0;
			knownRegions = (
				en,
				Base,
			);
			mainGroup = BE309C7928810F23000AF7B6;
			productRefGroup = BE309C8728810F24000AF7B6 /* Products */;
			projectDirPath = "";
			projectRoot = "";
			targets = (
				BE309C8528810F24000AF7B6 /* Bookworm (iOS) */,
				BE309C8B28810F24000AF7B6 /* Bookworm (macOS) */,
				BE309C9228810F24000AF7B6 /* Tests iOS */,
				BE309C9E28810F24000AF7B6 /* Tests macOS */,
			);
		};
/* End PBXProject section */

/* Begin PBXResourcesBuildPhase section */
		BE309C8428810F24000AF7B6 /* Resources */ = {
			isa = PBXResourcesBuildPhase;
			buildActionMask = 2147483647;
			files = (
				BE309CAB28810F24000AF7B6 /* Assets.xcassets in Resources */,
			);
			runOnlyForDeploymentPostprocessing = 0;
		};
		BE309C8A28810F24000AF7B6 /* Resources */ = {
			isa = PBXResourcesBuildPhase;
			buildActionMask = 2147483647;
			files = (
				BE309CAC28810F24000AF7B6 /* Assets.xcassets in Resources */,
			);
			runOnlyForDeploymentPostprocessing = 0;
		};
		BE309C9128810F24000AF7B6 /* Resources */ = {
			isa = PBXResourcesBuildPhase;
			buildActionMask = 2147483647;
			files = (
			);
			runOnlyForDeploymentPostprocessing = 0;
		};
		BE309C9D28810F24000AF7B6 /* Resources */ = {
			isa = PBXResourcesBuildPhase;
			buildActionMask = 2147483647;
			files = (
			);
			runOnlyForDeploymentPostprocessing = 0;
		};
/* End PBXResourcesBuildPhase section */

/* Begin PBXSourcesBuildPhase section */
		BE309C8228810F24000AF7B6 /* Sources */ = {
			isa = PBXSourcesBuildPhase;
			buildActionMask = 2147483647;
			files = (
				BE309CA928810F24000AF7B6 /* ContentView.swift in Sources */,
				BE007217289247AD0001A387 /* DetailView.swift in Sources */,
				BE309CC028811B0E000AF7B6 /* DataController.swift in Sources */,
				BE0072142890F3A00001A387 /* EmojiRatingView.swift in Sources */,
				BE309CBD28811A5E000AF7B6 /* Bookworm.xcdatamodeld in Sources */,
				BE007211288F8DFF0001A387 /* RatingView.swift in Sources */,
				BE309CA728810F24000AF7B6 /* BookwormApp.swift in Sources */,
				BE81BFF028824F16001C2E3C /* AddBookView.swift in Sources */,
			);
			runOnlyForDeploymentPostprocessing = 0;
		};
		BE309C8828810F24000AF7B6 /* Sources */ = {
			isa = PBXSourcesBuildPhase;
			buildActionMask = 2147483647;
			files = (
				BE309CAA28810F24000AF7B6 /* ContentView.swift in Sources */,
				BE007218289247AD0001A387 /* DetailView.swift in Sources */,
				BE309CC128811B0E000AF7B6 /* DataController.swift in Sources */,
				BE0072152890F3A00001A387 /* EmojiRatingView.swift in Sources */,
				BE309CBE28811A5E000AF7B6 /* Bookworm.xcdatamodeld in Sources */,
				BE007212288F8DFF0001A387 /* RatingView.swift in Sources */,
				BE309CA828810F24000AF7B6 /* BookwormApp.swift in Sources */,
				BE81BFF128824F16001C2E3C /* AddBookView.swift in Sources */,
			);
			runOnlyForDeploymentPostprocessing = 0;
		};
		BE309C8F28810F24000AF7B6 /* Sources */ = {
			isa = PBXSourcesBuildPhase;
			buildActionMask = 2147483647;
			files = (
				BE309C9A28810F24000AF7B6 /* Tests_iOSLaunchTests.swift in Sources */,
				BE309C9828810F24000AF7B6 /* Tests_iOS.swift in Sources */,
			);
			runOnlyForDeploymentPostprocessing = 0;
		};
		BE309C9B28810F24000AF7B6 /* Sources */ = {
			isa = PBXSourcesBuildPhase;
			buildActionMask = 2147483647;
			files = (
				BE309CA628810F24000AF7B6 /* Tests_macOSLaunchTests.swift in Sources */,
				BE309CA428810F24000AF7B6 /* Tests_macOS.swift in Sources */,
			);
			runOnlyForDeploymentPostprocessing = 0;
		};
/* End PBXSourcesBuildPhase section */

/* Begin PBXTargetDependency section */
		BE309C9528810F24000AF7B6 /* PBXTargetDependency */ = {
			isa = PBXTargetDependency;
			target = BE309C8528810F24000AF7B6 /* Bookworm (iOS) */;
			targetProxy = BE309C9428810F24000AF7B6 /* PBXContainerItemProxy */;
		};
		BE309CA128810F24000AF7B6 /* PBXTargetDependency */ = {
			isa = PBXTargetDependency;
			target = BE309C8B28810F24000AF7B6 /* Bookworm (macOS) */;
			targetProxy = BE309CA028810F24000AF7B6 /* PBXContainerItemProxy */;
		};
/* End PBXTargetDependency section */

/* Begin XCBuildConfiguration section */
		BE309CAD28810F24000AF7B6 /* Debug */ = {
			isa = XCBuildConfiguration;
			buildSettings = {
				ALWAYS_SEARCH_USER_PATHS = NO;
				CLANG_ANALYZER_NONNULL = YES;
				CLANG_ANALYZER_NUMBER_OBJECT_CONVERSION = YES_AGGRESSIVE;
				CLANG_CXX_LANGUAGE_STANDARD = "gnu++17";
				CLANG_ENABLE_MODULES = YES;
				CLANG_ENABLE_OBJC_ARC = YES;
				CLANG_ENABLE_OBJC_WEAK = YES;
				CLANG_WARN_BLOCK_CAPTURE_AUTORELEASING = YES;
				CLANG_WARN_BOOL_CONVERSION = YES;
				CLANG_WARN_COMMA = YES;
				CLANG_WARN_CONSTANT_CONVERSION = YES;
				CLANG_WARN_DEPRECATED_OBJC_IMPLEMENTATIONS = YES;
				CLANG_WARN_DIRECT_OBJC_ISA_USAGE = YES_ERROR;
				CLANG_WARN_DOCUMENTATION_COMMENTS = YES;
				CLANG_WARN_EMPTY_BODY = YES;
				CLANG_WARN_ENUM_CONVERSION = YES;
				CLANG_WARN_INFINITE_RECURSION = YES;
				CLANG_WARN_INT_CONVERSION = YES;
				CLANG_WARN_NON_LITERAL_NULL_CONVERSION = YES;
				CLANG_WARN_OBJC_IMPLICIT_RETAIN_SELF = YES;
				CLANG_WARN_OBJC_LITERAL_CONVERSION = YES;
				CLANG_WARN_OBJC_ROOT_CLASS = YES_ERROR;
				CLANG_WARN_QUOTED_INCLUDE_IN_FRAMEWORK_HEADER = YES;
				CLANG_WARN_RANGE_LOOP_ANALYSIS = YES;
				CLANG_WARN_STRICT_PROTOTYPES = YES;
				CLANG_WARN_SUSPICIOUS_MOVE = YES;
				CLANG_WARN_UNGUARDED_AVAILABILITY = YES_AGGRESSIVE;
				CLANG_WARN_UNREACHABLE_CODE = YES;
				CLANG_WARN__DUPLICATE_METHOD_MATCH = YES;
				COPY_PHASE_STRIP = NO;
				DEBUG_INFORMATION_FORMAT = dwarf;
				ENABLE_STRICT_OBJC_MSGSEND = YES;
				ENABLE_TESTABILITY = YES;
				GCC_C_LANGUAGE_STANDARD = gnu11;
				GCC_DYNAMIC_NO_PIC = NO;
				GCC_NO_COMMON_BLOCKS = YES;
				GCC_OPTIMIZATION_LEVEL = 0;
				GCC_PREPROCESSOR_DEFINITIONS = (
					"DEBUG=1",
					"$(inherited)",
				);
				GCC_WARN_64_TO_32_BIT_CONVERSION = YES;
				GCC_WARN_ABOUT_RETURN_TYPE = YES_ERROR;
				GCC_WARN_UNDECLARED_SELECTOR = YES;
				GCC_WARN_UNINITIALIZED_AUTOS = YES_AGGRESSIVE;
				GCC_WARN_UNUSED_FUNCTION = YES;
				GCC_WARN_UNUSED_VARIABLE = YES;
				MTL_ENABLE_DEBUG_INFO = INCLUDE_SOURCE;
				MTL_FAST_MATH = YES;
				ONLY_ACTIVE_ARCH = YES;
				SWIFT_ACTIVE_COMPILATION_CONDITIONS = DEBUG;
				SWIFT_OPTIMIZATION_LEVEL = "-Onone";
			};
			name = Debug;
		};
		BE309CAE28810F24000AF7B6 /* Release */ = {
			isa = XCBuildConfiguration;
			buildSettings = {
				ALWAYS_SEARCH_USER_PATHS = NO;
				CLANG_ANALYZER_NONNULL = YES;
				CLANG_ANALYZER_NUMBER_OBJECT_CONVERSION = YES_AGGRESSIVE;
				CLANG_CXX_LANGUAGE_STANDARD = "gnu++17";
				CLANG_ENABLE_MODULES = YES;
				CLANG_ENABLE_OBJC_ARC = YES;
				CLANG_ENABLE_OBJC_WEAK = YES;
				CLANG_WARN_BLOCK_CAPTURE_AUTORELEASING = YES;
				CLANG_WARN_BOOL_CONVERSION = YES;
				CLANG_WARN_COMMA = YES;
				CLANG_WARN_CONSTANT_CONVERSION = YES;
				CLANG_WARN_DEPRECATED_OBJC_IMPLEMENTATIONS = YES;
				CLANG_WARN_DIRECT_OBJC_ISA_USAGE = YES_ERROR;
				CLANG_WARN_DOCUMENTATION_COMMENTS = YES;
				CLANG_WARN_EMPTY_BODY = YES;
				CLANG_WARN_ENUM_CONVERSION = YES;
				CLANG_WARN_INFINITE_RECURSION = YES;
				CLANG_WARN_INT_CONVERSION = YES;
				CLANG_WARN_NON_LITERAL_NULL_CONVERSION = YES;
				CLANG_WARN_OBJC_IMPLICIT_RETAIN_SELF = YES;
				CLANG_WARN_OBJC_LITERAL_CONVERSION = YES;
				CLANG_WARN_OBJC_ROOT_CLASS = YES_ERROR;
				CLANG_WARN_QUOTED_INCLUDE_IN_FRAMEWORK_HEADER = YES;
				CLANG_WARN_RANGE_LOOP_ANALYSIS = YES;
				CLANG_WARN_STRICT_PROTOTYPES = YES;
				CLANG_WARN_SUSPICIOUS_MOVE = YES;
				CLANG_WARN_UNGUARDED_AVAILABILITY = YES_AGGRESSIVE;
				CLANG_WARN_UNREACHABLE_CODE = YES;
				CLANG_WARN__DUPLICATE_METHOD_MATCH = YES;
				COPY_PHASE_STRIP = NO;
				DEBUG_INFORMATION_FORMAT = "dwarf-with-dsym";
				ENABLE_NS_ASSERTIONS = NO;
				ENABLE_STRICT_OBJC_MSGSEND = YES;
				GCC_C_LANGUAGE_STANDARD = gnu11;
				GCC_NO_COMMON_BLOCKS = YES;
				GCC_WARN_64_TO_32_BIT_CONVERSION = YES;
				GCC_WARN_ABOUT_RETURN_TYPE = YES_ERROR;
				GCC_WARN_UNDECLARED_SELECTOR = YES;
				GCC_WARN_UNINITIALIZED_AUTOS = YES_AGGRESSIVE;
				GCC_WARN_UNUSED_FUNCTION = YES;
				GCC_WARN_UNUSED_VARIABLE = YES;
				MTL_ENABLE_DEBUG_INFO = NO;
				MTL_FAST_MATH = YES;
				SWIFT_COMPILATION_MODE = wholemodule;
				SWIFT_OPTIMIZATION_LEVEL = "-O";
			};
			name = Release;
		};
		BE309CB028810F24000AF7B6 /* Debug */ = {
			isa = XCBuildConfiguration;
			buildSettings = {
				ASSETCATALOG_COMPILER_APPICON_NAME = AppIcon;
				ASSETCATALOG_COMPILER_GLOBAL_ACCENT_COLOR_NAME = AccentColor;
				CODE_SIGN_STYLE = Automatic;
				CURRENT_PROJECT_VERSION = 1;
				ENABLE_PREVIEWS = YES;
				GENERATE_INFOPLIST_FILE = YES;
				INFOPLIST_KEY_UIApplicationSceneManifest_Generation = YES;
				INFOPLIST_KEY_UIApplicationSupportsIndirectInputEvents = YES;
				INFOPLIST_KEY_UILaunchScreen_Generation = YES;
				INFOPLIST_KEY_UISupportedInterfaceOrientations_iPad = "UIInterfaceOrientationPortrait UIInterfaceOrientationPortraitUpsideDown UIInterfaceOrientationLandscapeLeft UIInterfaceOrientationLandscapeRight";
				INFOPLIST_KEY_UISupportedInterfaceOrientations_iPhone = "UIInterfaceOrientationPortrait UIInterfaceOrientationLandscapeLeft UIInterfaceOrientationLandscapeRight";
				IPHONEOS_DEPLOYMENT_TARGET = 15.5;
				LD_RUNPATH_SEARCH_PATHS = (
					"$(inherited)",
					"@executable_path/Frameworks",
				);
				MARKETING_VERSION = 1.0;
				PRODUCT_BUNDLE_IDENTIFIER = "Alex-Bardi.Bookworm";
				PRODUCT_NAME = Bookworm;
				SDKROOT = iphoneos;
				SWIFT_EMIT_LOC_STRINGS = YES;
				SWIFT_VERSION = 5.0;
				TARGETED_DEVICE_FAMILY = "1,2";
			};
			name = Debug;
		};
		BE309CB128810F24000AF7B6 /* Release */ = {
			isa = XCBuildConfiguration;
			buildSettings = {
				ASSETCATALOG_COMPILER_APPICON_NAME = AppIcon;
				ASSETCATALOG_COMPILER_GLOBAL_ACCENT_COLOR_NAME = AccentColor;
				CODE_SIGN_STYLE = Automatic;
				CURRENT_PROJECT_VERSION = 1;
				ENABLE_PREVIEWS = YES;
				GENERATE_INFOPLIST_FILE = YES;
				INFOPLIST_KEY_UIApplicationSceneManifest_Generation = YES;
				INFOPLIST_KEY_UIApplicationSupportsIndirectInputEvents = YES;
				INFOPLIST_KEY_UILaunchScreen_Generation = YES;
				INFOPLIST_KEY_UISupportedInterfaceOrientations_iPad = "UIInterfaceOrientationPortrait UIInterfaceOrientationPortraitUpsideDown UIInterfaceOrientationLandscapeLeft UIInterfaceOrientationLandscapeRight";
				INFOPLIST_KEY_UISupportedInterfaceOrientations_iPhone = "UIInterfaceOrientationPortrait UIInterfaceOrientationLandscapeLeft UIInterfaceOrientationLandscapeRight";
				IPHONEOS_DEPLOYMENT_TARGET = 15.5;
				LD_RUNPATH_SEARCH_PATHS = (
					"$(inherited)",
					"@executable_path/Frameworks",
				);
				MARKETING_VERSION = 1.0;
				PRODUCT_BUNDLE_IDENTIFIER = "Alex-Bardi.Bookworm";
				PRODUCT_NAME = Bookworm;
				SDKROOT = iphoneos;
				SWIFT_EMIT_LOC_STRINGS = YES;
				SWIFT_VERSION = 5.0;
				TARGETED_DEVICE_FAMILY = "1,2";
				VALIDATE_PRODUCT = YES;
			};
			name = Release;
		};
		BE309CB328810F24000AF7B6 /* Debug */ = {
			isa = XCBuildConfiguration;
			buildSettings = {
				ASSETCATALOG_COMPILER_APPICON_NAME = AppIcon;
				ASSETCATALOG_COMPILER_GLOBAL_ACCENT_COLOR_NAME = AccentColor;
				CODE_SIGN_ENTITLEMENTS = macOS/macOS.entitlements;
				CODE_SIGN_STYLE = Automatic;
				COMBINE_HIDPI_IMAGES = YES;
				CURRENT_PROJECT_VERSION = 1;
				ENABLE_PREVIEWS = YES;
				GENERATE_INFOPLIST_FILE = YES;
				INFOPLIST_KEY_NSHumanReadableCopyright = "";
				LD_RUNPATH_SEARCH_PATHS = (
					"$(inherited)",
					"@executable_path/../Frameworks",
				);
				MACOSX_DEPLOYMENT_TARGET = 12.3;
				MARKETING_VERSION = 1.0;
				PRODUCT_BUNDLE_IDENTIFIER = "Alex-Bardi.Bookworm";
				PRODUCT_NAME = Bookworm;
				SDKROOT = macosx;
				SWIFT_EMIT_LOC_STRINGS = YES;
				SWIFT_VERSION = 5.0;
			};
			name = Debug;
		};
		BE309CB428810F24000AF7B6 /* Release */ = {
			isa = XCBuildConfiguration;
			buildSettings = {
				ASSETCATALOG_COMPILER_APPICON_NAME = AppIcon;
				ASSETCATALOG_COMPILER_GLOBAL_ACCENT_COLOR_NAME = AccentColor;
				CODE_SIGN_ENTITLEMENTS = macOS/macOS.entitlements;
				CODE_SIGN_STYLE = Automatic;
				COMBINE_HIDPI_IMAGES = YES;
				CURRENT_PROJECT_VERSION = 1;
				ENABLE_PREVIEWS = YES;
				GENERATE_INFOPLIST_FILE = YES;
				INFOPLIST_KEY_NSHumanReadableCopyright = "";
				LD_RUNPATH_SEARCH_PATHS = (
					"$(inherited)",
					"@executable_path/../Frameworks",
				);
				MACOSX_DEPLOYMENT_TARGET = 12.3;
				MARKETING_VERSION = 1.0;
				PRODUCT_BUNDLE_IDENTIFIER = "Alex-Bardi.Bookworm";
				PRODUCT_NAME = Bookworm;
				SDKROOT = macosx;
				SWIFT_EMIT_LOC_STRINGS = YES;
				SWIFT_VERSION = 5.0;
			};
			name = Release;
		};
		BE309CB628810F24000AF7B6 /* Debug */ = {
			isa = XCBuildConfiguration;
			buildSettings = {
				ALWAYS_EMBED_SWIFT_STANDARD_LIBRARIES = YES;
				CODE_SIGN_STYLE = Automatic;
				CURRENT_PROJECT_VERSION = 1;
				GENERATE_INFOPLIST_FILE = YES;
				IPHONEOS_DEPLOYMENT_TARGET = 15.5;
				MARKETING_VERSION = 1.0;
				PRODUCT_BUNDLE_IDENTIFIER = "Alex-Bardi.Tests-iOS";
				PRODUCT_NAME = "$(TARGET_NAME)";
				SDKROOT = iphoneos;
				SWIFT_EMIT_LOC_STRINGS = NO;
				SWIFT_VERSION = 5.0;
				TARGETED_DEVICE_FAMILY = "1,2";
				TEST_TARGET_NAME = "Bookworm (iOS)";
			};
			name = Debug;
		};
		BE309CB728810F24000AF7B6 /* Release */ = {
			isa = XCBuildConfiguration;
			buildSettings = {
				ALWAYS_EMBED_SWIFT_STANDARD_LIBRARIES = YES;
				CODE_SIGN_STYLE = Automatic;
				CURRENT_PROJECT_VERSION = 1;
				GENERATE_INFOPLIST_FILE = YES;
				IPHONEOS_DEPLOYMENT_TARGET = 15.5;
				MARKETING_VERSION = 1.0;
				PRODUCT_BUNDLE_IDENTIFIER = "Alex-Bardi.Tests-iOS";
				PRODUCT_NAME = "$(TARGET_NAME)";
				SDKROOT = iphoneos;
				SWIFT_EMIT_LOC_STRINGS = NO;
				SWIFT_VERSION = 5.0;
				TARGETED_DEVICE_FAMILY = "1,2";
				TEST_TARGET_NAME = "Bookworm (iOS)";
				VALIDATE_PRODUCT = YES;
			};
			name = Release;
		};
		BE309CB928810F24000AF7B6 /* Debug */ = {
			isa = XCBuildConfiguration;
			buildSettings = {
				ALWAYS_EMBED_SWIFT_STANDARD_LIBRARIES = YES;
				CODE_SIGN_STYLE = Automatic;
				CURRENT_PROJECT_VERSION = 1;
				GENERATE_INFOPLIST_FILE = YES;
				MACOSX_DEPLOYMENT_TARGET = 12.3;
				MARKETING_VERSION = 1.0;
				PRODUCT_BUNDLE_IDENTIFIER = "Alex-Bardi.Tests-macOS";
				PRODUCT_NAME = "$(TARGET_NAME)";
				SDKROOT = macosx;
				SWIFT_EMIT_LOC_STRINGS = NO;
				SWIFT_VERSION = 5.0;
				TEST_TARGET_NAME = "Bookworm (macOS)";
			};
			name = Debug;
		};
		BE309CBA28810F24000AF7B6 /* Release */ = {
			isa = XCBuildConfiguration;
			buildSettings = {
				ALWAYS_EMBED_SWIFT_STANDARD_LIBRARIES = YES;
				CODE_SIGN_STYLE = Automatic;
				CURRENT_PROJECT_VERSION = 1;
				GENERATE_INFOPLIST_FILE = YES;
				MACOSX_DEPLOYMENT_TARGET = 12.3;
				MARKETING_VERSION = 1.0;
				PRODUCT_BUNDLE_IDENTIFIER = "Alex-Bardi.Tests-macOS";
				PRODUCT_NAME = "$(TARGET_NAME)";
				SDKROOT = macosx;
				SWIFT_EMIT_LOC_STRINGS = NO;
				SWIFT_VERSION = 5.0;
				TEST_TARGET_NAME = "Bookworm (macOS)";
			};
			name = Release;
		};
/* End XCBuildConfiguration section */

/* Begin XCConfigurationList section */
		BE309C7D28810F23000AF7B6 /* Build configuration list for PBXProject "Bookworm" */ = {
			isa = XCConfigurationList;
			buildConfigurations = (
				BE309CAD28810F24000AF7B6 /* Debug */,
				BE309CAE28810F24000AF7B6 /* Release */,
			);
			defaultConfigurationIsVisible = 0;
			defaultConfigurationName = Release;
		};
		BE309CAF28810F24000AF7B6 /* Build configuration list for PBXNativeTarget "Bookworm (iOS)" */ = {
			isa = XCConfigurationList;
			buildConfigurations = (
				BE309CB028810F24000AF7B6 /* Debug */,
				BE309CB128810F24000AF7B6 /* Release */,
			);
			defaultConfigurationIsVisible = 0;
			defaultConfigurationName = Release;
		};
		BE309CB228810F24000AF7B6 /* Build configuration list for PBXNativeTarget "Bookworm (macOS)" */ = {
			isa = XCConfigurationList;
			buildConfigurations = (
				BE309CB328810F24000AF7B6 /* Debug */,
				BE309CB428810F24000AF7B6 /* Release */,
			);
			defaultConfigurationIsVisible = 0;
			defaultConfigurationName = Release;
		};
		BE309CB528810F24000AF7B6 /* Build configuration list for PBXNativeTarget "Tests iOS" */ = {
			isa = XCConfigurationList;
			buildConfigurations = (
				BE309CB628810F24000AF7B6 /* Debug */,
				BE309CB728810F24000AF7B6 /* Release */,
			);
			defaultConfigurationIsVisible = 0;
			defaultConfigurationName = Release;
		};
		BE309CB828810F24000AF7B6 /* Build configuration list for PBXNativeTarget "Tests macOS" */ = {
			isa = XCConfigurationList;
			buildConfigurations = (
				BE309CB928810F24000AF7B6 /* Debug */,
				BE309CBA28810F24000AF7B6 /* Release */,
			);
			defaultConfigurationIsVisible = 0;
			defaultConfigurationName = Release;
		};
/* End XCConfigurationList section */

/* Begin XCVersionGroup section */
		BE309CBB28811A5E000AF7B6 /* Bookworm.xcdatamodeld */ = {
			isa = XCVersionGroup;
			children = (
				BE309CBC28811A5E000AF7B6 /* Bookworm.xcdatamodel */,
			);
			currentVersion = BE309CBC28811A5E000AF7B6 /* Bookworm.xcdatamodel */;
			path = Bookworm.xcdatamodeld;
			sourceTree = "<group>";
			versionGroupType = wrapper.xcdatamodel;
		};
/* End XCVersionGroup section */
	};
	rootObject = BE309C7A28810F23000AF7B6 /* Project object */;
}
